PODS:
  - R.swift (5.0.2):
    - R.swift.Library (~> 5.0.0)
  - R.swift.Library (5.0.0)

DEPENDENCIES:
  - R.swift

SPEC CHECKSUMS:
  R.swift: 81455d81467763cbd3f4d79d938d05f4ac4c0228
  R.swift.Library: 0bf390e729bc10bb2c9e4fb78bd043164a7be4ff

PODFILE CHECKSUM: 3f53bae325b326e2c8436468e85fe38f392ecb28

COCOAPODS: 1.2.1
