<?xml version="1.0" encoding="UTF-8"?>
<!DOCTYPE plist PUBLIC "-//Apple//DTD PLIST 1.0//EN" "http://www.apple.com/DTDs/PropertyList-1.0.dtd">
<plist version="1.0">
<dict>
	<key>archiveVersion</key>
	<string>1</string>
	<key>classes</key>
	<dict/>
	<key>objectVersion</key>
	<string>46</string>
	<key>objects</key>
	<dict>
		<key>79211D5E1ED9FD970049B6E2</key>
		<dict>
			<key>children</key>
			<array>
				<string>796C3D221EE29F2D0029BBB2</string>
				<string>79211D5F1ED9FD970049B6E2</string>
				<string>79211D601ED9FD970049B6E2</string>
				<string>79211D611ED9FD970049B6E2</string>
				<string>79211D621ED9FD970049B6E2</string>
				<string>79211D631ED9FD970049B6E2</string>
				<string>79211D641ED9FD970049B6E2</string>
				<string>79211D651ED9FD970049B6E2</string>
				<string>79211D661ED9FD970049B6E2</string>
				<string>79211D671ED9FD970049B6E2</string>
				<string>79211D681ED9FD970049B6E2</string>
				<string>79211D691ED9FD970049B6E2</string>
				<string>79211D6A1ED9FD970049B6E2</string>
				<string>79211D6B1ED9FD970049B6E2</string>
				<string>79211D6C1ED9FD970049B6E2</string>
				<string>79211D6D1ED9FD970049B6E2</string>
				<string>79211D6E1ED9FD970049B6E2</string>
			</array>
			<key>isa</key>
			<string>PBXGroup</string>
			<key>name</key>
			<string>Frameworks</string>
			<key>sourceTree</key>
			<string>&lt;group&gt;</string>
		</dict>
		<key>79211D5F1ED9FD970049B6E2</key>
		<dict>
			<key>isa</key>
			<string>PBXFileReference</string>
			<key>lastKnownFileType</key>
			<string>wrapper.framework</string>
			<key>name</key>
			<string>Alamofire.framework</string>
			<key>path</key>
			<string>Carthage/Build/iOS/Alamofire.framework</string>
			<key>sourceTree</key>
			<string>&lt;group&gt;</string>
		</dict>
		<key>79211D601ED9FD970049B6E2</key>
		<dict>
			<key>isa</key>
			<string>PBXFileReference</string>
			<key>lastKnownFileType</key>
			<string>wrapper.framework</string>
			<key>name</key>
			<string>Argo.framework</string>
			<key>path</key>
			<string>Carthage/Build/iOS/Argo.framework</string>
			<key>sourceTree</key>
			<string>&lt;group&gt;</string>
		</dict>
		<key>79211D611ED9FD970049B6E2</key>
		<dict>
			<key>isa</key>
			<string>PBXFileReference</string>
			<key>lastKnownFileType</key>
			<string>wrapper.framework</string>
			<key>name</key>
			<string>Cartography.framework</string>
			<key>path</key>
			<string>Carthage/Build/iOS/Cartography.framework</string>
			<key>sourceTree</key>
			<string>&lt;group&gt;</string>
		</dict>
		<key>79211D621ED9FD970049B6E2</key>
		<dict>
			<key>isa</key>
			<string>PBXFileReference</string>
			<key>lastKnownFileType</key>
			<string>wrapper.framework</string>
			<key>name</key>
			<string>Curry.framework</string>
			<key>path</key>
			<string>Carthage/Build/iOS/Curry.framework</string>
			<key>sourceTree</key>
			<string>&lt;group&gt;</string>
		</dict>
		<key>79211D631ED9FD970049B6E2</key>
		<dict>
			<key>isa</key>
			<string>PBXFileReference</string>
			<key>lastKnownFileType</key>
			<string>wrapper.framework</string>
			<key>name</key>
			<string>Hue.framework</string>
			<key>path</key>
			<string>Carthage/Build/iOS/Hue.framework</string>
			<key>sourceTree</key>
			<string>&lt;group&gt;</string>
		</dict>
		<key>79211D641ED9FD970049B6E2</key>
		<dict>
			<key>isa</key>
			<string>PBXFileReference</string>
			<key>lastKnownFileType</key>
			<string>wrapper.framework</string>
			<key>name</key>
			<string>Kingfisher.framework</string>
			<key>path</key>
			<string>Carthage/Build/iOS/Kingfisher.framework</string>
			<key>sourceTree</key>
			<string>&lt;group&gt;</string>
		</dict>
		<key>79211D651ED9FD970049B6E2</key>
		<dict>
			<key>isa</key>
			<string>PBXFileReference</string>
			<key>lastKnownFileType</key>
			<string>wrapper.framework</string>
			<key>name</key>
			<string>Moya.framework</string>
			<key>path</key>
			<string>Carthage/Build/iOS/Moya.framework</string>
			<key>sourceTree</key>
			<string>&lt;group&gt;</string>
		</dict>
		<key>79211D661ED9FD970049B6E2</key>
		<dict>
			<key>isa</key>
			<string>PBXFileReference</string>
			<key>lastKnownFileType</key>
			<string>wrapper.framework</string>
			<key>name</key>
			<string>Realm.framework</string>
			<key>path</key>
			<string>Carthage/Build/iOS/Realm.framework</string>
			<key>sourceTree</key>
			<string>&lt;group&gt;</string>
		</dict>
		<key>79211D671ED9FD970049B6E2</key>
		<dict>
			<key>isa</key>
			<string>PBXFileReference</string>
			<key>lastKnownFileType</key>
			<string>wrapper.framework</string>
			<key>name</key>
			<string>RealmSwift.framework</string>
			<key>path</key>
			<string>Carthage/Build/iOS/RealmSwift.framework</string>
			<key>sourceTree</key>
			<string>&lt;group&gt;</string>
		</dict>
		<key>79211D681ED9FD970049B6E2</key>
		<dict>
			<key>isa</key>
			<string>PBXFileReference</string>
			<key>lastKnownFileType</key>
			<string>wrapper.framework</string>
			<key>name</key>
			<string>Result.framework</string>
			<key>path</key>
			<string>Carthage/Build/iOS/Result.framework</string>
			<key>sourceTree</key>
			<string>&lt;group&gt;</string>
		</dict>
		<key>79211D691ED9FD970049B6E2</key>
		<dict>
			<key>isa</key>
			<string>PBXFileReference</string>
			<key>lastKnownFileType</key>
			<string>wrapper.framework</string>
			<key>name</key>
			<string>Runes.framework</string>
			<key>path</key>
			<string>Carthage/Build/iOS/Runes.framework</string>
			<key>sourceTree</key>
			<string>&lt;group&gt;</string>
		</dict>
		<key>79211D6A1ED9FD970049B6E2</key>
		<dict>
			<key>isa</key>
			<string>PBXFileReference</string>
			<key>lastKnownFileType</key>
			<string>wrapper.framework</string>
			<key>name</key>
			<string>RxCocoa.framework</string>
			<key>path</key>
			<string>Carthage/Build/iOS/RxCocoa.framework</string>
			<key>sourceTree</key>
			<string>&lt;group&gt;</string>
		</dict>
		<key>79211D6B1ED9FD970049B6E2</key>
		<dict>
			<key>isa</key>
			<string>PBXFileReference</string>
			<key>lastKnownFileType</key>
			<string>wrapper.framework</string>
			<key>name</key>
			<string>RxMoya.framework</string>
			<key>path</key>
			<string>Carthage/Build/iOS/RxMoya.framework</string>
			<key>sourceTree</key>
			<string>&lt;group&gt;</string>
		</dict>
		<key>79211D6C1ED9FD970049B6E2</key>
		<dict>
			<key>isa</key>
			<string>PBXFileReference</string>
			<key>lastKnownFileType</key>
			<string>wrapper.framework</string>
			<key>name</key>
			<string>RxRealm.framework</string>
			<key>path</key>
			<string>Carthage/Build/iOS/RxRealm.framework</string>
			<key>sourceTree</key>
			<string>&lt;group&gt;</string>
		</dict>
		<key>79211D6D1ED9FD970049B6E2</key>
		<dict>
			<key>isa</key>
			<string>PBXFileReference</string>
			<key>lastKnownFileType</key>
			<string>wrapper.framework</string>
			<key>name</key>
			<string>RxSwift.framework</string>
			<key>path</key>
			<string>Carthage/Build/iOS/RxSwift.framework</string>
			<key>sourceTree</key>
			<string>&lt;group&gt;</string>
		</dict>
		<key>79211D6E1ED9FD970049B6E2</key>
		<dict>
			<key>isa</key>
			<string>PBXFileReference</string>
			<key>lastKnownFileType</key>
			<string>wrapper.framework</string>
			<key>name</key>
			<string>Swiftz.framework</string>
			<key>path</key>
			<string>Carthage/Build/iOS/Swiftz.framework</string>
			<key>sourceTree</key>
			<string>&lt;group&gt;</string>
		</dict>
		<key>79211D6F1ED9FD970049B6E2</key>
		<dict>
			<key>fileRef</key>
			<string>79211D5F1ED9FD970049B6E2</string>
			<key>isa</key>
			<string>PBXBuildFile</string>
		</dict>
		<key>79211D701ED9FD970049B6E2</key>
		<dict>
			<key>fileRef</key>
			<string>79211D601ED9FD970049B6E2</string>
			<key>isa</key>
			<string>PBXBuildFile</string>
		</dict>
		<key>79211D711ED9FD970049B6E2</key>
		<dict>
			<key>fileRef</key>
			<string>79211D611ED9FD970049B6E2</string>
			<key>isa</key>
			<string>PBXBuildFile</string>
		</dict>
		<key>79211D721ED9FD970049B6E2</key>
		<dict>
			<key>fileRef</key>
			<string>79211D621ED9FD970049B6E2</string>
			<key>isa</key>
			<string>PBXBuildFile</string>
		</dict>
		<key>79211D731ED9FD970049B6E2</key>
		<dict>
			<key>fileRef</key>
			<string>79211D631ED9FD970049B6E2</string>
			<key>isa</key>
			<string>PBXBuildFile</string>
		</dict>
		<key>79211D741ED9FD970049B6E2</key>
		<dict>
			<key>fileRef</key>
			<string>79211D641ED9FD970049B6E2</string>
			<key>isa</key>
			<string>PBXBuildFile</string>
		</dict>
		<key>79211D751ED9FD970049B6E2</key>
		<dict>
			<key>fileRef</key>
			<string>79211D651ED9FD970049B6E2</string>
			<key>isa</key>
			<string>PBXBuildFile</string>
		</dict>
		<key>79211D761ED9FD970049B6E2</key>
		<dict>
			<key>fileRef</key>
			<string>79211D661ED9FD970049B6E2</string>
			<key>isa</key>
			<string>PBXBuildFile</string>
		</dict>
		<key>79211D771ED9FD970049B6E2</key>
		<dict>
			<key>fileRef</key>
			<string>79211D671ED9FD970049B6E2</string>
			<key>isa</key>
			<string>PBXBuildFile</string>
		</dict>
		<key>79211D781ED9FD970049B6E2</key>
		<dict>
			<key>fileRef</key>
			<string>79211D681ED9FD970049B6E2</string>
			<key>isa</key>
			<string>PBXBuildFile</string>
		</dict>
		<key>79211D791ED9FD970049B6E2</key>
		<dict>
			<key>fileRef</key>
			<string>79211D691ED9FD970049B6E2</string>
			<key>isa</key>
			<string>PBXBuildFile</string>
		</dict>
		<key>79211D7A1ED9FD970049B6E2</key>
		<dict>
			<key>fileRef</key>
			<string>79211D6A1ED9FD970049B6E2</string>
			<key>isa</key>
			<string>PBXBuildFile</string>
		</dict>
		<key>79211D7B1ED9FD970049B6E2</key>
		<dict>
			<key>fileRef</key>
			<string>79211D6B1ED9FD970049B6E2</string>
			<key>isa</key>
			<string>PBXBuildFile</string>
		</dict>
		<key>79211D7C1ED9FD970049B6E2</key>
		<dict>
			<key>fileRef</key>
			<string>79211D6C1ED9FD970049B6E2</string>
			<key>isa</key>
			<string>PBXBuildFile</string>
		</dict>
		<key>79211D7D1ED9FD970049B6E2</key>
		<dict>
			<key>fileRef</key>
			<string>79211D6D1ED9FD970049B6E2</string>
			<key>isa</key>
			<string>PBXBuildFile</string>
		</dict>
		<key>79211D7E1ED9FD970049B6E2</key>
		<dict>
			<key>fileRef</key>
			<string>79211D6E1ED9FD970049B6E2</string>
			<key>isa</key>
			<string>PBXBuildFile</string>
		</dict>
		<key>79211D7F1ED9FDF50049B6E2</key>
		<dict>
			<key>buildActionMask</key>
			<string>2147483647</string>
			<key>files</key>
			<array/>
			<key>inputPaths</key>
			<array>
				<string>$(SRCROOT)/Carthage/Build/iOS/Alamofire.framework</string>
				<string>$(SRCROOT)/Carthage/Build/iOS/Argo.framework</string>
				<string>$(SRCROOT)/Carthage/Build/iOS/Cartography.framework</string>
				<string>$(SRCROOT)/Carthage/Build/iOS/Curry.framework</string>
				<string>$(SRCROOT)/Carthage/Build/iOS/Hue.framework</string>
				<string>$(SRCROOT)/Carthage/Build/iOS/Kingfisher.framework</string>
				<string>$(SRCROOT)/Carthage/Build/iOS/Moya.framework</string>
				<string>$(SRCROOT)/Carthage/Build/iOS/Realm.framework</string>
				<string>$(SRCROOT)/Carthage/Build/iOS/RealmSwift.framework</string>
				<string>$(SRCROOT)/Carthage/Build/iOS/Result.framework</string>
				<string>$(SRCROOT)/Carthage/Build/iOS/Runes.framework</string>
				<string>$(SRCROOT)/Carthage/Build/iOS/RxCocoa.framework</string>
				<string>$(SRCROOT)/Carthage/Build/iOS/RxMoya.framework</string>
				<string>$(SRCROOT)/Carthage/Build/iOS/RxRealm.framework</string>
				<string>$(SRCROOT)/Carthage/Build/iOS/RxSwift.framework</string>
				<string>$(SRCROOT)/Carthage/Build/iOS/Swiftz.framework</string>
				<string>$(SRCROOT)/Carthage/Build/iOS/URLNavigator.framework</string>
			</array>
			<key>isa</key>
			<string>PBXShellScriptBuildPhase</string>
			<key>name</key>
			<string>[Carthage] Run Script</string>
			<key>outputPaths</key>
			<array/>
			<key>runOnlyForDeploymentPostprocessing</key>
			<string>0</string>
			<key>shellPath</key>
			<string>/bin/sh</string>
			<key>shellScript</key>
			<string>carthage copy-frameworks</string>
		</dict>
		<key>79211D801ED9FE590049B6E2</key>
		<dict>
			<key>buildActionMask</key>
			<string>2147483647</string>
			<key>files</key>
			<array/>
			<key>inputPaths</key>
			<array/>
			<key>isa</key>
			<string>PBXShellScriptBuildPhase</string>
			<key>name</key>
			<string>[Swiftlint] Run Script</string>
			<key>outputPaths</key>
			<array/>
			<key>runOnlyForDeploymentPostprocessing</key>
			<string>0</string>
			<key>shellPath</key>
			<string>/bin/sh</string>
			<key>shellScript</key>
			<string>swiftlint</string>
		</dict>
		<key>79234BFF1EE32931000D6734</key>
		<dict>
			<key>children</key>
			<array>
				<string>79234C001EE32945000D6734</string>
			</array>
			<key>isa</key>
			<string>PBXGroup</string>
			<key>name</key>
			<string>API</string>
			<key>path</key>
			<string>API</string>
			<key>sourceTree</key>
			<string>&lt;group&gt;</string>
		</dict>
		<key>79234C001EE32945000D6734</key>
		<dict>
			<key>fileEncoding</key>
			<string>4</string>
			<key>isa</key>
			<string>PBXFileReference</string>
			<key>lastKnownFileType</key>
			<string>sourcecode.swift</string>
			<key>path</key>
			<string>YomuAPI.swift</string>
			<key>sourceTree</key>
			<string>&lt;group&gt;</string>
		</dict>
		<key>79234C011EE32945000D6734</key>
		<dict>
			<key>fileRef</key>
			<string>79234C001EE32945000D6734</string>
			<key>isa</key>
			<string>PBXBuildFile</string>
		</dict>
		<key>79234C021EE32983000D6734</key>
		<dict>
			<key>children</key>
			<array>
				<string>79234C031EE3298C000D6734</string>
			</array>
			<key>isa</key>
			<string>PBXGroup</string>
			<key>name</key>
			<string>Extensions</string>
			<key>path</key>
			<string>Extensions</string>
			<key>sourceTree</key>
			<string>&lt;group&gt;</string>
		</dict>
		<key>79234C031EE3298C000D6734</key>
		<dict>
			<key>fileEncoding</key>
			<string>4</string>
			<key>isa</key>
			<string>PBXFileReference</string>
			<key>lastKnownFileType</key>
			<string>sourcecode.swift</string>
			<key>path</key>
			<string>String.swift</string>
			<key>sourceTree</key>
			<string>&lt;group&gt;</string>
		</dict>
		<key>79234C041EE3298C000D6734</key>
		<dict>
			<key>fileRef</key>
			<string>79234C031EE3298C000D6734</string>
			<key>isa</key>
			<string>PBXBuildFile</string>
		</dict>
		<key>796C3D221EE29F2D0029BBB2</key>
		<dict>
			<key>isa</key>
			<string>PBXFileReference</string>
			<key>lastKnownFileType</key>
			<string>wrapper.framework</string>
			<key>name</key>
			<string>URLNavigator.framework</string>
			<key>path</key>
			<string>Carthage/Build/iOS/URLNavigator.framework</string>
			<key>sourceTree</key>
			<string>&lt;group&gt;</string>
		</dict>
		<key>796C3D231EE29F2D0029BBB2</key>
		<dict>
			<key>fileRef</key>
			<string>796C3D221EE29F2D0029BBB2</string>
			<key>isa</key>
			<string>PBXBuildFile</string>
		</dict>
		<key>796F98EE1EE2FBB400FAF40C</key>
		<dict>
			<key>children</key>
			<array>
				<string>796F98F21EE2FD9B00FAF40C</string>
			</array>
			<key>isa</key>
			<string>PBXGroup</string>
			<key>path</key>
			<string>Views</string>
			<key>sourceTree</key>
			<string>&lt;group&gt;</string>
		</dict>
		<key>796F98EF1EE2FBD200FAF40C</key>
		<dict>
			<key>fileEncoding</key>
			<string>4</string>
			<key>isa</key>
			<string>PBXFileReference</string>
			<key>lastKnownFileType</key>
			<string>sourcecode.swift</string>
			<key>path</key>
			<string>YomuNavigationController.swift</string>
			<key>sourceTree</key>
			<string>&lt;group&gt;</string>
		</dict>
		<key>796F98F01EE2FBD200FAF40C</key>
		<dict>
			<key>fileRef</key>
			<string>796F98EF1EE2FBD200FAF40C</string>
			<key>isa</key>
			<string>PBXBuildFile</string>
		</dict>
		<key>796F98F11EE2FBD700FAF40C</key>
		<dict>
			<key>children</key>
			<array>
				<string>796F98EF1EE2FBD200FAF40C</string>
			</array>
			<key>isa</key>
			<string>PBXGroup</string>
			<key>path</key>
			<string>Controllers</string>
			<key>sourceTree</key>
			<string>&lt;group&gt;</string>
		</dict>
		<key>796F98F21EE2FD9B00FAF40C</key>
		<dict>
			<key>fileEncoding</key>
			<string>4</string>
			<key>isa</key>
			<string>PBXFileReference</string>
			<key>lastKnownFileType</key>
			<string>file.xib</string>
			<key>path</key>
			<string>YomuNavigationController.xib</string>
			<key>sourceTree</key>
			<string>&lt;group&gt;</string>
		</dict>
		<key>796F98F31EE2FD9B00FAF40C</key>
		<dict>
			<key>fileRef</key>
			<string>796F98F21EE2FD9B00FAF40C</string>
			<key>isa</key>
			<string>PBXBuildFile</string>
		</dict>
		<key>79B3FC671EDC91D4008323C0</key>
		<dict>
			<key>children</key>
			<array>
				<string>79B3FC6E1EDC960F008323C0</string>
				<string>79B3FC701EDC9638008323C0</string>
				<string>79B3FC6A1EDC93EB008323C0</string>
				<string>79B3FC6C1EDC95AF008323C0</string>
				<string>79B3FC721EDC9651008323C0</string>
				<string>79B3FC681EDC93C1008323C0</string>
			</array>
			<key>isa</key>
			<string>PBXGroup</string>
			<key>path</key>
			<string>Models</string>
			<key>sourceTree</key>
			<string>&lt;group&gt;</string>
		</dict>
		<key>79B3FC681EDC93C1008323C0</key>
		<dict>
			<key>fileEncoding</key>
			<string>4</string>
			<key>isa</key>
			<string>PBXFileReference</string>
			<key>lastKnownFileType</key>
			<string>sourcecode.swift</string>
			<key>path</key>
			<string>SearchedManga.swift</string>
			<key>sourceTree</key>
			<string>&lt;group&gt;</string>
		</dict>
		<key>79B3FC691EDC93C1008323C0</key>
		<dict>
			<key>fileRef</key>
			<string>79B3FC681EDC93C1008323C0</string>
			<key>isa</key>
			<string>PBXBuildFile</string>
		</dict>
		<key>79B3FC6A1EDC93EB008323C0</key>
		<dict>
			<key>fileEncoding</key>
			<string>4</string>
			<key>isa</key>
			<string>PBXFileReference</string>
			<key>lastKnownFileType</key>
			<string>sourcecode.swift</string>
			<key>path</key>
			<string>ImageUrl.swift</string>
			<key>sourceTree</key>
			<string>&lt;group&gt;</string>
		</dict>
		<key>79B3FC6B1EDC93EB008323C0</key>
		<dict>
			<key>fileRef</key>
			<string>79B3FC6A1EDC93EB008323C0</string>
			<key>isa</key>
			<string>PBXBuildFile</string>
		</dict>
		<key>79B3FC6C1EDC95AF008323C0</key>
		<dict>
			<key>fileEncoding</key>
			<string>4</string>
			<key>isa</key>
			<string>PBXFileReference</string>
			<key>lastKnownFileType</key>
			<string>sourcecode.swift</string>
			<key>path</key>
			<string>Manga.swift</string>
			<key>sourceTree</key>
			<string>&lt;group&gt;</string>
		</dict>
		<key>79B3FC6D1EDC95AF008323C0</key>
		<dict>
			<key>fileRef</key>
			<string>79B3FC6C1EDC95AF008323C0</string>
			<key>isa</key>
			<string>PBXBuildFile</string>
		</dict>
		<key>79B3FC6E1EDC960F008323C0</key>
		<dict>
			<key>fileEncoding</key>
			<string>4</string>
			<key>isa</key>
			<string>PBXFileReference</string>
			<key>lastKnownFileType</key>
			<string>sourcecode.swift</string>
			<key>path</key>
			<string>Chapter.swift</string>
			<key>sourceTree</key>
			<string>&lt;group&gt;</string>
		</dict>
		<key>79B3FC6F1EDC960F008323C0</key>
		<dict>
			<key>fileRef</key>
			<string>79B3FC6E1EDC960F008323C0</string>
			<key>isa</key>
			<string>PBXBuildFile</string>
		</dict>
		<key>79B3FC701EDC9638008323C0</key>
		<dict>
			<key>fileEncoding</key>
			<string>4</string>
			<key>isa</key>
			<string>PBXFileReference</string>
			<key>lastKnownFileType</key>
			<string>sourcecode.swift</string>
			<key>path</key>
			<string>ChapterPage.swift</string>
			<key>sourceTree</key>
			<string>&lt;group&gt;</string>
		</dict>
		<key>79B3FC711EDC9638008323C0</key>
		<dict>
			<key>fileRef</key>
			<string>79B3FC701EDC9638008323C0</string>
			<key>isa</key>
			<string>PBXBuildFile</string>
		</dict>
		<key>79B3FC721EDC9651008323C0</key>
		<dict>
			<key>fileEncoding</key>
			<string>4</string>
			<key>isa</key>
			<string>PBXFileReference</string>
			<key>lastKnownFileType</key>
			<string>sourcecode.swift</string>
			<key>path</key>
			<string>MangaRealm.swift</string>
			<key>sourceTree</key>
			<string>&lt;group&gt;</string>
		</dict>
		<key>79B3FC731EDC9651008323C0</key>
		<dict>
			<key>fileRef</key>
			<string>79B3FC721EDC9651008323C0</string>
			<key>isa</key>
			<string>PBXBuildFile</string>
		</dict>
		<key>79C6F53E1ED9FCFA00B95629</key>
		<dict>
			<key>children</key>
			<array>
				<string>79211D5E1ED9FD970049B6E2</string>
				<string>79C6F5481ED9FCFA00B95629</string>
				<string>79C6F5491ED9FCFA00B95629</string>
				<string>79C6F55E1ED9FCFA00B95629</string>
			</array>
			<key>isa</key>
			<string>PBXGroup</string>
			<key>sourceTree</key>
			<string>&lt;group&gt;</string>
		</dict>
		<key>79C6F53F1ED9FCFA00B95629</key>
		<dict>
			<key>attributes</key>
			<dict>
				<key>LastSwiftUpdateCheck</key>
				<string>0830</string>
				<key>LastUpgradeCheck</key>
				<string>0830</string>
				<key>ORGANIZATIONNAME</key>
				<string>Sendy Halim</string>
				<key>TargetAttributes</key>
				<dict>
					<key>79C6F5461ED9FCFA00B95629</key>
					<dict>
						<key>CreatedOnToolsVersion</key>
						<string>8.3.2</string>
						<key>DevelopmentTeam</key>
						<string>4QCP9AS6BP</string>
						<key>ProvisioningStyle</key>
						<string>Automatic</string>
					</dict>
					<key>79C6F55A1ED9FCFA00B95629</key>
					<dict>
						<key>CreatedOnToolsVersion</key>
						<string>8.3.2</string>
						<key>DevelopmentTeam</key>
						<string>4QCP9AS6BP</string>
						<key>ProvisioningStyle</key>
						<string>Automatic</string>
						<key>TestTargetID</key>
						<string>79C6F5461ED9FCFA00B95629</string>
					</dict>
				</dict>
			</dict>
			<key>buildConfigurationList</key>
			<string>79C6F5421ED9FCFA00B95629</string>
			<key>compatibilityVersion</key>
			<string>Xcode 3.2</string>
			<key>developmentRegion</key>
			<string>English</string>
			<key>hasScannedForEncodings</key>
			<string>0</string>
			<key>isa</key>
			<string>PBXProject</string>
			<key>knownRegions</key>
			<array>
				<string>en</string>
				<string>Base</string>
			</array>
			<key>mainGroup</key>
			<string>79C6F53E1ED9FCFA00B95629</string>
			<key>productRefGroup</key>
			<string>79C6F5481ED9FCFA00B95629</string>
			<key>projectDirPath</key>
			<string></string>
			<key>projectReferences</key>
			<array/>
			<key>projectRoot</key>
			<string></string>
			<key>targets</key>
			<array>
				<string>79C6F5461ED9FCFA00B95629</string>
				<string>79C6F55A1ED9FCFA00B95629</string>
			</array>
		</dict>
		<key>79C6F5421ED9FCFA00B95629</key>
		<dict>
			<key>buildConfigurations</key>
			<array>
				<string>79C6F5621ED9FCFA00B95629</string>
				<string>79C6F5631ED9FCFA00B95629</string>
			</array>
			<key>defaultConfigurationIsVisible</key>
			<string>0</string>
			<key>defaultConfigurationName</key>
			<string>Release</string>
			<key>isa</key>
			<string>XCConfigurationList</string>
		</dict>
		<key>79C6F5431ED9FCFA00B95629</key>
		<dict>
			<key>buildActionMask</key>
			<string>2147483647</string>
			<key>files</key>
			<array>
				<string>796F98F01EE2FBD200FAF40C</string>
				<string>79B3FC731EDC9651008323C0</string>
				<string>79234C041EE3298C000D6734</string>
				<string>79C6F54B1ED9FCFA00B95629</string>
				<string>79B3FC6D1EDC95AF008323C0</string>
				<string>79B3FC6F1EDC960F008323C0</string>
				<string>79B3FC691EDC93C1008323C0</string>
				<string>79B3FC711EDC9638008323C0</string>
				<string>79B3FC6B1EDC93EB008323C0</string>
				<string>79234C011EE32945000D6734</string>
			</array>
			<key>isa</key>
			<string>PBXSourcesBuildPhase</string>
			<key>runOnlyForDeploymentPostprocessing</key>
			<string>0</string>
		</dict>
		<key>79C6F5441ED9FCFA00B95629</key>
		<dict>
			<key>buildActionMask</key>
			<string>2147483647</string>
			<key>files</key>
			<array>
				<string>79211D6F1ED9FD970049B6E2</string>
				<string>79211D701ED9FD970049B6E2</string>
				<string>79211D711ED9FD970049B6E2</string>
				<string>79211D721ED9FD970049B6E2</string>
				<string>79211D731ED9FD970049B6E2</string>
				<string>79211D741ED9FD970049B6E2</string>
				<string>79211D751ED9FD970049B6E2</string>
				<string>79211D761ED9FD970049B6E2</string>
				<string>79211D771ED9FD970049B6E2</string>
				<string>79211D781ED9FD970049B6E2</string>
				<string>79211D791ED9FD970049B6E2</string>
				<string>79211D7A1ED9FD970049B6E2</string>
				<string>79211D7B1ED9FD970049B6E2</string>
				<string>79211D7C1ED9FD970049B6E2</string>
				<string>79211D7D1ED9FD970049B6E2</string>
				<string>79211D7E1ED9FD970049B6E2</string>
				<string>796C3D231EE29F2D0029BBB2</string>
			</array>
			<key>isa</key>
			<string>PBXFrameworksBuildPhase</string>
			<key>runOnlyForDeploymentPostprocessing</key>
			<string>0</string>
		</dict>
		<key>79C6F5451ED9FCFA00B95629</key>
		<dict>
			<key>buildActionMask</key>
			<string>2147483647</string>
			<key>files</key>
			<array>
				<string>79C6F5551ED9FCFA00B95629</string>
				<string>79C6F5521ED9FCFA00B95629</string>
				<string>796F98F31EE2FD9B00FAF40C</string>
			</array>
			<key>isa</key>
			<string>PBXResourcesBuildPhase</string>
			<key>runOnlyForDeploymentPostprocessing</key>
			<string>0</string>
		</dict>
		<key>79C6F5461ED9FCFA00B95629</key>
		<dict>
			<key>buildConfigurationList</key>
			<string>79C6F5641ED9FCFA00B95629</string>
			<key>buildPhases</key>
			<array>
				<string>79C6F5431ED9FCFA00B95629</string>
				<string>79C6F5441ED9FCFA00B95629</string>
				<string>79C6F5451ED9FCFA00B95629</string>
				<string>79211D7F1ED9FDF50049B6E2</string>
				<string>79211D801ED9FE590049B6E2</string>
			</array>
			<key>buildRules</key>
			<array/>
			<key>dependencies</key>
			<array/>
			<key>isa</key>
			<string>PBXNativeTarget</string>
			<key>name</key>
			<string>Yomu</string>
			<key>productName</key>
			<string>Yomu</string>
			<key>productReference</key>
			<string>79C6F5471ED9FCFA00B95629</string>
			<key>productType</key>
			<string>com.apple.product-type.application</string>
		</dict>
		<key>79C6F5471ED9FCFA00B95629</key>
		<dict>
			<key>explicitFileType</key>
			<string>wrapper.application</string>
			<key>includeInIndex</key>
			<string>0</string>
			<key>isa</key>
			<string>PBXFileReference</string>
			<key>path</key>
			<string>Yomu.app</string>
			<key>sourceTree</key>
			<string>BUILT_PRODUCTS_DIR</string>
		</dict>
		<key>79C6F5481ED9FCFA00B95629</key>
		<dict>
			<key>children</key>
			<array>
				<string>79C6F5471ED9FCFA00B95629</string>
				<string>79C6F55B1ED9FCFA00B95629</string>
			</array>
			<key>isa</key>
			<string>PBXGroup</string>
			<key>name</key>
			<string>Products</string>
			<key>sourceTree</key>
			<string>&lt;group&gt;</string>
		</dict>
		<key>79C6F5491ED9FCFA00B95629</key>
		<dict>
			<key>children</key>
			<array>
				<string>79234BFF1EE32931000D6734</string>
				<string>796F98F11EE2FBD700FAF40C</string>
				<string>79234C021EE32983000D6734</string>
				<string>79B3FC671EDC91D4008323C0</string>
				<string>796F98EE1EE2FBB400FAF40C</string>
				<string>79C6F54A1ED9FCFA00B95629</string>
				<string>79C6F5511ED9FCFA00B95629</string>
				<string>79C6F5561ED9FCFA00B95629</string>
				<string>79C6F5531ED9FCFA00B95629</string>
			</array>
			<key>isa</key>
			<string>PBXGroup</string>
			<key>path</key>
			<string>Yomu</string>
			<key>sourceTree</key>
			<string>&lt;group&gt;</string>
		</dict>
		<key>79C6F54A1ED9FCFA00B95629</key>
		<dict>
			<key>isa</key>
			<string>PBXFileReference</string>
			<key>lastKnownFileType</key>
			<string>sourcecode.swift</string>
			<key>path</key>
			<string>AppDelegate.swift</string>
			<key>sourceTree</key>
			<string>&lt;group&gt;</string>
		</dict>
		<key>79C6F54B1ED9FCFA00B95629</key>
		<dict>
			<key>fileRef</key>
			<string>79C6F54A1ED9FCFA00B95629</string>
			<key>isa</key>
			<string>PBXBuildFile</string>
		</dict>
		<key>79C6F5511ED9FCFA00B95629</key>
		<dict>
			<key>isa</key>
			<string>PBXFileReference</string>
			<key>lastKnownFileType</key>
			<string>folder.assetcatalog</string>
			<key>path</key>
			<string>Assets.xcassets</string>
			<key>sourceTree</key>
			<string>&lt;group&gt;</string>
		</dict>
		<key>79C6F5521ED9FCFA00B95629</key>
		<dict>
			<key>fileRef</key>
			<string>79C6F5511ED9FCFA00B95629</string>
			<key>isa</key>
			<string>PBXBuildFile</string>
		</dict>
		<key>79C6F5531ED9FCFA00B95629</key>
		<dict>
			<key>children</key>
			<array>
				<string>79C6F5541ED9FCFA00B95629</string>
			</array>
			<key>isa</key>
			<string>PBXVariantGroup</string>
			<key>name</key>
			<string>LaunchScreen.storyboard</string>
			<key>path</key>
			<string>.</string>
			<key>sourceTree</key>
			<string>&lt;group&gt;</string>
		</dict>
		<key>79C6F5541ED9FCFA00B95629</key>
		<dict>
			<key>isa</key>
			<string>PBXFileReference</string>
			<key>lastKnownFileType</key>
			<string>file.storyboard</string>
			<key>name</key>
			<string>Base</string>
			<key>path</key>
			<string>Base.lproj/LaunchScreen.storyboard</string>
			<key>sourceTree</key>
			<string>&lt;group&gt;</string>
		</dict>
		<key>79C6F5551ED9FCFA00B95629</key>
		<dict>
			<key>fileRef</key>
			<string>79C6F5531ED9FCFA00B95629</string>
			<key>isa</key>
			<string>PBXBuildFile</string>
		</dict>
		<key>79C6F5561ED9FCFA00B95629</key>
		<dict>
			<key>isa</key>
			<string>PBXFileReference</string>
			<key>lastKnownFileType</key>
			<string>text.plist.xml</string>
			<key>path</key>
			<string>Info.plist</string>
			<key>sourceTree</key>
			<string>&lt;group&gt;</string>
		</dict>
		<key>79C6F5571ED9FCFA00B95629</key>
		<dict>
			<key>buildActionMask</key>
			<string>2147483647</string>
			<key>files</key>
			<array/>
			<key>isa</key>
			<string>PBXSourcesBuildPhase</string>
			<key>runOnlyForDeploymentPostprocessing</key>
			<string>0</string>
		</dict>
		<key>79C6F5581ED9FCFA00B95629</key>
		<dict>
			<key>buildActionMask</key>
			<string>2147483647</string>
			<key>files</key>
			<array/>
			<key>isa</key>
			<string>PBXFrameworksBuildPhase</string>
			<key>runOnlyForDeploymentPostprocessing</key>
			<string>0</string>
		</dict>
		<key>79C6F5591ED9FCFA00B95629</key>
		<dict>
			<key>buildActionMask</key>
			<string>2147483647</string>
			<key>files</key>
			<array/>
			<key>isa</key>
			<string>PBXResourcesBuildPhase</string>
			<key>runOnlyForDeploymentPostprocessing</key>
			<string>0</string>
		</dict>
		<key>79C6F55A1ED9FCFA00B95629</key>
		<dict>
			<key>buildConfigurationList</key>
			<string>79C6F5671ED9FCFA00B95629</string>
			<key>buildPhases</key>
			<array>
				<string>79C6F5571ED9FCFA00B95629</string>
				<string>79C6F5581ED9FCFA00B95629</string>
				<string>79C6F5591ED9FCFA00B95629</string>
			</array>
			<key>buildRules</key>
			<array/>
			<key>dependencies</key>
			<array>
				<string>79C6F55D1ED9FCFA00B95629</string>
			</array>
			<key>isa</key>
			<string>PBXNativeTarget</string>
			<key>name</key>
			<string>YomuTests</string>
			<key>productName</key>
			<string>YomuTests</string>
			<key>productReference</key>
			<string>79C6F55B1ED9FCFA00B95629</string>
			<key>productType</key>
			<string>com.apple.product-type.bundle.unit-test</string>
		</dict>
		<key>79C6F55B1ED9FCFA00B95629</key>
		<dict>
			<key>explicitFileType</key>
			<string>wrapper.cfbundle</string>
			<key>includeInIndex</key>
			<string>0</string>
			<key>isa</key>
			<string>PBXFileReference</string>
			<key>path</key>
			<string>YomuTests.xctest</string>
			<key>sourceTree</key>
			<string>BUILT_PRODUCTS_DIR</string>
		</dict>
		<key>79C6F55C1ED9FCFA00B95629</key>
		<dict>
			<key>containerPortal</key>
			<string>79C6F53F1ED9FCFA00B95629</string>
			<key>isa</key>
			<string>PBXContainerItemProxy</string>
			<key>proxyType</key>
			<string>1</string>
			<key>remoteGlobalIDString</key>
			<string>79C6F5461ED9FCFA00B95629</string>
			<key>remoteInfo</key>
			<string>Yomu</string>
		</dict>
		<key>79C6F55D1ED9FCFA00B95629</key>
		<dict>
			<key>isa</key>
			<string>PBXTargetDependency</string>
			<key>target</key>
			<string>79C6F5461ED9FCFA00B95629</string>
			<key>targetProxy</key>
			<string>79C6F55C1ED9FCFA00B95629</string>
		</dict>
		<key>79C6F55E1ED9FCFA00B95629</key>
		<dict>
			<key>children</key>
			<array>
				<string>79C6F5611ED9FCFA00B95629</string>
			</array>
			<key>isa</key>
			<string>PBXGroup</string>
			<key>path</key>
			<string>YomuTests</string>
			<key>sourceTree</key>
			<string>&lt;group&gt;</string>
		</dict>
		<key>79C6F5611ED9FCFA00B95629</key>
		<dict>
			<key>isa</key>
			<string>PBXFileReference</string>
			<key>lastKnownFileType</key>
			<string>text.plist.xml</string>
			<key>path</key>
			<string>Info.plist</string>
			<key>sourceTree</key>
			<string>&lt;group&gt;</string>
		</dict>
		<key>79C6F5621ED9FCFA00B95629</key>
		<dict>
			<key>buildSettings</key>
			<dict>
				<key>ALWAYS_SEARCH_USER_PATHS</key>
				<string>NO</string>
				<key>CLANG_ANALYZER_NONNULL</key>
				<string>YES</string>
				<key>CLANG_ANALYZER_NUMBER_OBJECT_CONVERSION</key>
				<string>YES_AGGRESSIVE</string>
				<key>CLANG_CXX_LANGUAGE_STANDARD</key>
				<string>gnu++0x</string>
				<key>CLANG_CXX_LIBRARY</key>
				<string>libc++</string>
				<key>CLANG_ENABLE_MODULES</key>
				<string>YES</string>
				<key>CLANG_ENABLE_OBJC_ARC</key>
				<string>YES</string>
				<key>CLANG_WARN_BOOL_CONVERSION</key>
				<string>YES</string>
				<key>CLANG_WARN_CONSTANT_CONVERSION</key>
				<string>YES</string>
				<key>CLANG_WARN_DIRECT_OBJC_ISA_USAGE</key>
				<string>YES_ERROR</string>
				<key>CLANG_WARN_DOCUMENTATION_COMMENTS</key>
				<string>YES</string>
				<key>CLANG_WARN_EMPTY_BODY</key>
				<string>YES</string>
				<key>CLANG_WARN_ENUM_CONVERSION</key>
				<string>YES</string>
				<key>CLANG_WARN_INFINITE_RECURSION</key>
				<string>YES</string>
				<key>CLANG_WARN_INT_CONVERSION</key>
				<string>YES</string>
				<key>CLANG_WARN_OBJC_ROOT_CLASS</key>
				<string>YES_ERROR</string>
				<key>CLANG_WARN_SUSPICIOUS_MOVE</key>
				<string>YES</string>
				<key>CLANG_WARN_UNREACHABLE_CODE</key>
				<string>YES</string>
				<key>CLANG_WARN__DUPLICATE_METHOD_MATCH</key>
				<string>YES</string>
				<key>CODE_SIGN_IDENTITY[sdk=iphoneos*]</key>
				<string>iPhone Developer</string>
				<key>COPY_PHASE_STRIP</key>
				<string>NO</string>
				<key>DEBUG_INFORMATION_FORMAT</key>
				<string>dwarf</string>
				<key>ENABLE_STRICT_OBJC_MSGSEND</key>
				<string>YES</string>
				<key>ENABLE_TESTABILITY</key>
				<string>YES</string>
				<key>GCC_C_LANGUAGE_STANDARD</key>
				<string>gnu99</string>
				<key>GCC_DYNAMIC_NO_PIC</key>
				<string>NO</string>
				<key>GCC_NO_COMMON_BLOCKS</key>
				<string>YES</string>
				<key>GCC_OPTIMIZATION_LEVEL</key>
				<string>0</string>
				<key>GCC_PREPROCESSOR_DEFINITIONS</key>
				<array>
					<string>DEBUG=1</string>
					<string>$(inherited)</string>
				</array>
				<key>GCC_WARN_64_TO_32_BIT_CONVERSION</key>
				<string>YES</string>
				<key>GCC_WARN_ABOUT_RETURN_TYPE</key>
				<string>YES_ERROR</string>
				<key>GCC_WARN_UNDECLARED_SELECTOR</key>
				<string>YES</string>
				<key>GCC_WARN_UNINITIALIZED_AUTOS</key>
				<string>YES_AGGRESSIVE</string>
				<key>GCC_WARN_UNUSED_FUNCTION</key>
				<string>YES</string>
				<key>GCC_WARN_UNUSED_VARIABLE</key>
				<string>YES</string>
				<key>IPHONEOS_DEPLOYMENT_TARGET</key>
				<string>10.3</string>
				<key>MTL_ENABLE_DEBUG_INFO</key>
				<string>YES</string>
				<key>ONLY_ACTIVE_ARCH</key>
				<string>YES</string>
				<key>SDKROOT</key>
				<string>iphoneos</string>
				<key>SWIFT_ACTIVE_COMPILATION_CONDITIONS</key>
				<string>DEBUG</string>
				<key>SWIFT_OPTIMIZATION_LEVEL</key>
				<string>-Onone</string>
				<key>TARGETED_DEVICE_FAMILY</key>
				<string>1,2</string>
			</dict>
			<key>isa</key>
			<string>XCBuildConfiguration</string>
			<key>name</key>
			<string>Debug</string>
		</dict>
		<key>79C6F5631ED9FCFA00B95629</key>
		<dict>
			<key>buildSettings</key>
			<dict>
				<key>ALWAYS_SEARCH_USER_PATHS</key>
				<string>NO</string>
				<key>CLANG_ANALYZER_NONNULL</key>
				<string>YES</string>
				<key>CLANG_ANALYZER_NUMBER_OBJECT_CONVERSION</key>
				<string>YES_AGGRESSIVE</string>
				<key>CLANG_CXX_LANGUAGE_STANDARD</key>
				<string>gnu++0x</string>
				<key>CLANG_CXX_LIBRARY</key>
				<string>libc++</string>
				<key>CLANG_ENABLE_MODULES</key>
				<string>YES</string>
				<key>CLANG_ENABLE_OBJC_ARC</key>
				<string>YES</string>
				<key>CLANG_WARN_BOOL_CONVERSION</key>
				<string>YES</string>
				<key>CLANG_WARN_CONSTANT_CONVERSION</key>
				<string>YES</string>
				<key>CLANG_WARN_DIRECT_OBJC_ISA_USAGE</key>
				<string>YES_ERROR</string>
				<key>CLANG_WARN_DOCUMENTATION_COMMENTS</key>
				<string>YES</string>
				<key>CLANG_WARN_EMPTY_BODY</key>
				<string>YES</string>
				<key>CLANG_WARN_ENUM_CONVERSION</key>
				<string>YES</string>
				<key>CLANG_WARN_INFINITE_RECURSION</key>
				<string>YES</string>
				<key>CLANG_WARN_INT_CONVERSION</key>
				<string>YES</string>
				<key>CLANG_WARN_OBJC_ROOT_CLASS</key>
				<string>YES_ERROR</string>
				<key>CLANG_WARN_SUSPICIOUS_MOVE</key>
				<string>YES</string>
				<key>CLANG_WARN_UNREACHABLE_CODE</key>
				<string>YES</string>
				<key>CLANG_WARN__DUPLICATE_METHOD_MATCH</key>
				<string>YES</string>
				<key>CODE_SIGN_IDENTITY[sdk=iphoneos*]</key>
				<string>iPhone Developer</string>
				<key>COPY_PHASE_STRIP</key>
				<string>NO</string>
				<key>DEBUG_INFORMATION_FORMAT</key>
				<string>dwarf-with-dsym</string>
				<key>ENABLE_NS_ASSERTIONS</key>
				<string>NO</string>
				<key>ENABLE_STRICT_OBJC_MSGSEND</key>
				<string>YES</string>
				<key>GCC_C_LANGUAGE_STANDARD</key>
				<string>gnu99</string>
				<key>GCC_NO_COMMON_BLOCKS</key>
				<string>YES</string>
				<key>GCC_WARN_64_TO_32_BIT_CONVERSION</key>
				<string>YES</string>
				<key>GCC_WARN_ABOUT_RETURN_TYPE</key>
				<string>YES_ERROR</string>
				<key>GCC_WARN_UNDECLARED_SELECTOR</key>
				<string>YES</string>
				<key>GCC_WARN_UNINITIALIZED_AUTOS</key>
				<string>YES_AGGRESSIVE</string>
				<key>GCC_WARN_UNUSED_FUNCTION</key>
				<string>YES</string>
				<key>GCC_WARN_UNUSED_VARIABLE</key>
				<string>YES</string>
				<key>IPHONEOS_DEPLOYMENT_TARGET</key>
				<string>10.3</string>
				<key>MTL_ENABLE_DEBUG_INFO</key>
				<string>NO</string>
				<key>SDKROOT</key>
				<string>iphoneos</string>
				<key>SWIFT_OPTIMIZATION_LEVEL</key>
				<string>-Owholemodule</string>
				<key>TARGETED_DEVICE_FAMILY</key>
				<string>1,2</string>
				<key>VALIDATE_PRODUCT</key>
				<string>YES</string>
			</dict>
			<key>isa</key>
			<string>XCBuildConfiguration</string>
			<key>name</key>
			<string>Release</string>
		</dict>
		<key>79C6F5641ED9FCFA00B95629</key>
		<dict>
			<key>buildConfigurations</key>
			<array>
				<string>79C6F5651ED9FCFA00B95629</string>
				<string>79C6F5661ED9FCFA00B95629</string>
			</array>
			<key>defaultConfigurationIsVisible</key>
			<string>0</string>
			<key>defaultConfigurationName</key>
			<string>Release</string>
			<key>isa</key>
			<string>XCConfigurationList</string>
		</dict>
		<key>79C6F5651ED9FCFA00B95629</key>
		<dict>
			<key>buildSettings</key>
			<dict>
				<key>ASSETCATALOG_COMPILER_APPICON_NAME</key>
				<string>AppIcon</string>
				<key>DEVELOPMENT_TEAM</key>
				<string>4QCP9AS6BP</string>
				<key>FRAMEWORK_SEARCH_PATHS</key>
				<array>
					<string>$(inherited)</string>
					<string>$(PROJECT_DIR)/Carthage/Build/iOS</string>
				</array>
				<key>INFOPLIST_FILE</key>
				<string>Yomu/Info.plist</string>
				<key>LD_RUNPATH_SEARCH_PATHS</key>
				<string>$(inherited) @executable_path/Frameworks</string>
				<key>PRODUCT_BUNDLE_IDENTIFIER</key>
				<string>com.sendyhalim.Yomu</string>
				<key>PRODUCT_NAME</key>
				<string>$(TARGET_NAME)</string>
				<key>SWIFT_VERSION</key>
				<string>3.0</string>
			</dict>
			<key>isa</key>
			<string>XCBuildConfiguration</string>
			<key>name</key>
			<string>Debug</string>
		</dict>
		<key>79C6F5661ED9FCFA00B95629</key>
		<dict>
			<key>buildSettings</key>
			<dict>
				<key>ASSETCATALOG_COMPILER_APPICON_NAME</key>
				<string>AppIcon</string>
				<key>DEVELOPMENT_TEAM</key>
				<string>4QCP9AS6BP</string>
				<key>FRAMEWORK_SEARCH_PATHS</key>
				<array>
					<string>$(inherited)</string>
					<string>$(PROJECT_DIR)/Carthage/Build/iOS</string>
				</array>
				<key>INFOPLIST_FILE</key>
				<string>Yomu/Info.plist</string>
				<key>LD_RUNPATH_SEARCH_PATHS</key>
				<string>$(inherited) @executable_path/Frameworks</string>
				<key>PRODUCT_BUNDLE_IDENTIFIER</key>
				<string>com.sendyhalim.Yomu</string>
				<key>PRODUCT_NAME</key>
				<string>$(TARGET_NAME)</string>
				<key>SWIFT_VERSION</key>
				<string>3.0</string>
			</dict>
			<key>isa</key>
			<string>XCBuildConfiguration</string>
			<key>name</key>
			<string>Release</string>
		</dict>
		<key>79C6F5671ED9FCFA00B95629</key>
		<dict>
			<key>buildConfigurations</key>
			<array>
				<string>79C6F5681ED9FCFA00B95629</string>
				<string>79C6F5691ED9FCFA00B95629</string>
			</array>
			<key>defaultConfigurationIsVisible</key>
			<string>0</string>
			<key>defaultConfigurationName</key>
			<string>Release</string>
			<key>isa</key>
			<string>XCConfigurationList</string>
		</dict>
		<key>79C6F5681ED9FCFA00B95629</key>
		<dict>
			<key>buildSettings</key>
			<dict>
				<key>ALWAYS_EMBED_SWIFT_STANDARD_LIBRARIES</key>
				<string>YES</string>
				<key>BUNDLE_LOADER</key>
				<string>$(TEST_HOST)</string>
				<key>DEVELOPMENT_TEAM</key>
				<string>4QCP9AS6BP</string>
				<key>INFOPLIST_FILE</key>
				<string>YomuTests/Info.plist</string>
				<key>LD_RUNPATH_SEARCH_PATHS</key>
				<string>$(inherited) @executable_path/Frameworks @loader_path/Frameworks</string>
				<key>PRODUCT_BUNDLE_IDENTIFIER</key>
				<string>com.sendyhalim.YomuTests</string>
				<key>PRODUCT_NAME</key>
				<string>$(TARGET_NAME)</string>
				<key>SWIFT_VERSION</key>
				<string>3.0</string>
				<key>TEST_HOST</key>
				<string>$(BUILT_PRODUCTS_DIR)/Yomu.app/Yomu</string>
			</dict>
			<key>isa</key>
			<string>XCBuildConfiguration</string>
			<key>name</key>
			<string>Debug</string>
		</dict>
		<key>79C6F5691ED9FCFA00B95629</key>
		<dict>
			<key>buildSettings</key>
			<dict>
				<key>ALWAYS_EMBED_SWIFT_STANDARD_LIBRARIES</key>
				<string>YES</string>
				<key>BUNDLE_LOADER</key>
				<string>$(TEST_HOST)</string>
				<key>DEVELOPMENT_TEAM</key>
				<string>4QCP9AS6BP</string>
				<key>INFOPLIST_FILE</key>
				<string>YomuTests/Info.plist</string>
				<key>LD_RUNPATH_SEARCH_PATHS</key>
				<string>$(inherited) @executable_path/Frameworks @loader_path/Frameworks</string>
				<key>PRODUCT_BUNDLE_IDENTIFIER</key>
				<string>com.sendyhalim.YomuTests</string>
				<key>PRODUCT_NAME</key>
				<string>$(TARGET_NAME)</string>
				<key>SWIFT_VERSION</key>
				<string>3.0</string>
				<key>TEST_HOST</key>
				<string>$(BUILT_PRODUCTS_DIR)/Yomu.app/Yomu</string>
			</dict>
			<key>isa</key>
			<string>XCBuildConfiguration</string>
			<key>name</key>
			<string>Release</string>
		</dict>
	</dict>
	<key>rootObject</key>
	<string>79C6F53F1ED9FCFA00B95629</string>
</dict>
</plist>
