// !$*UTF8*$!
{
	archiveVersion = 1;
	classes = {
	};
	objectVersion = 46;
	objects = {

/* Begin PBXBuildFile section */
		790593E31EF0672900F7419E /* Database.swift in Sources */ = {isa = PBXBuildFile; fileRef = 790593E21EF0672900F7419E /* Database.swift */; };
		790D7A8F1F461A15004EE916 /* Toaster.framework in Frameworks */ = {isa = PBXBuildFile; fileRef = 790D7A8E1F461A15004EE916 /* Toaster.framework */; };
		7918EA9D1EF1AEC5004F3366 /* MangaCell.xib in Resources */ = {isa = PBXBuildFile; fileRef = 7918EA9C1EF1AEC5004F3366 /* MangaCell.xib */; };
		7919319B1EE87DBA00607A11 /* SearchedMangaCell.xib in Resources */ = {isa = PBXBuildFile; fileRef = 7919319A1EE87DBA00607A11 /* SearchedMangaCell.xib */; };
		7919319F1EE87E2600607A11 /* SearchedMangaCell.swift in Sources */ = {isa = PBXBuildFile; fileRef = 7919319E1EE87E2600607A11 /* SearchedMangaCell.swift */; };
		791BEBF01F63B04200C38DA4 /* ChapterCollectionHeader.xib in Resources */ = {isa = PBXBuildFile; fileRef = 791BEBEF1F63B04200C38DA4 /* ChapterCollectionHeader.xib */; };
		791BEBF21F63C04600C38DA4 /* ChapterCollectionHeader.swift in Sources */ = {isa = PBXBuildFile; fileRef = 791BEBF11F63C04600C38DA4 /* ChapterCollectionHeader.swift */; };
		79211D6F1ED9FD970049B6E2 /* Alamofire.framework in Frameworks */ = {isa = PBXBuildFile; fileRef = 79211D5F1ED9FD970049B6E2 /* Alamofire.framework */; };
		79211D701ED9FD970049B6E2 /* Argo.framework in Frameworks */ = {isa = PBXBuildFile; fileRef = 79211D601ED9FD970049B6E2 /* Argo.framework */; };
		79211D711ED9FD970049B6E2 /* Cartography.framework in Frameworks */ = {isa = PBXBuildFile; fileRef = 79211D611ED9FD970049B6E2 /* Cartography.framework */; };
		79211D721ED9FD970049B6E2 /* Curry.framework in Frameworks */ = {isa = PBXBuildFile; fileRef = 79211D621ED9FD970049B6E2 /* Curry.framework */; };
		79211D731ED9FD970049B6E2 /* Hue.framework in Frameworks */ = {isa = PBXBuildFile; fileRef = 79211D631ED9FD970049B6E2 /* Hue.framework */; };
		79211D741ED9FD970049B6E2 /* Kingfisher.framework in Frameworks */ = {isa = PBXBuildFile; fileRef = 79211D641ED9FD970049B6E2 /* Kingfisher.framework */; };
		79211D751ED9FD970049B6E2 /* Moya.framework in Frameworks */ = {isa = PBXBuildFile; fileRef = 79211D651ED9FD970049B6E2 /* Moya.framework */; };
		79211D761ED9FD970049B6E2 /* Realm.framework in Frameworks */ = {isa = PBXBuildFile; fileRef = 79211D661ED9FD970049B6E2 /* Realm.framework */; };
		79211D771ED9FD970049B6E2 /* RealmSwift.framework in Frameworks */ = {isa = PBXBuildFile; fileRef = 79211D671ED9FD970049B6E2 /* RealmSwift.framework */; };
		79211D781ED9FD970049B6E2 /* Result.framework in Frameworks */ = {isa = PBXBuildFile; fileRef = 79211D681ED9FD970049B6E2 /* Result.framework */; };
		79211D791ED9FD970049B6E2 /* Runes.framework in Frameworks */ = {isa = PBXBuildFile; fileRef = 79211D691ED9FD970049B6E2 /* Runes.framework */; };
		79211D7A1ED9FD970049B6E2 /* RxCocoa.framework in Frameworks */ = {isa = PBXBuildFile; fileRef = 79211D6A1ED9FD970049B6E2 /* RxCocoa.framework */; };
		79211D7B1ED9FD970049B6E2 /* RxMoya.framework in Frameworks */ = {isa = PBXBuildFile; fileRef = 79211D6B1ED9FD970049B6E2 /* RxMoya.framework */; };
		79211D7C1ED9FD970049B6E2 /* RxRealm.framework in Frameworks */ = {isa = PBXBuildFile; fileRef = 79211D6C1ED9FD970049B6E2 /* RxRealm.framework */; };
		79211D7D1ED9FD970049B6E2 /* RxSwift.framework in Frameworks */ = {isa = PBXBuildFile; fileRef = 79211D6D1ED9FD970049B6E2 /* RxSwift.framework */; };
		79211D7E1ED9FD970049B6E2 /* Swiftz.framework in Frameworks */ = {isa = PBXBuildFile; fileRef = 79211D6E1ED9FD970049B6E2 /* Swiftz.framework */; };
		79234C011EE32945000D6734 /* YomuAPI.swift in Sources */ = {isa = PBXBuildFile; fileRef = 79234C001EE32945000D6734 /* YomuAPI.swift */; };
		79234C041EE3298C000D6734 /* String.swift in Sources */ = {isa = PBXBuildFile; fileRef = 79234C031EE3298C000D6734 /* String.swift */; };
		79234C061EE32A10000D6734 /* MangaEdenAPI.swift in Sources */ = {isa = PBXBuildFile; fileRef = 79234C051EE32A10000D6734 /* MangaEdenAPI.swift */; };
		79258B901EF1644C00202035 /* MangaCollectionViewController.swift in Sources */ = {isa = PBXBuildFile; fileRef = 79258B8E1EF1644C00202035 /* MangaCollectionViewController.swift */; };
		79258B911EF1644C00202035 /* MangaCollectionViewController.xib in Resources */ = {isa = PBXBuildFile; fileRef = 79258B8F1EF1644C00202035 /* MangaCollectionViewController.xib */; };
		79258B941EF1652200202035 /* MangaCell.swift in Sources */ = {isa = PBXBuildFile; fileRef = 79258B921EF1652200202035 /* MangaCell.swift */; };
		79288B022229BF2B008C895A /* ZoomScale.swift in Sources */ = {isa = PBXBuildFile; fileRef = 79288B012229BF2B008C895A /* ZoomScale.swift */; };
		79288B042229C763008C895A /* ZoomableCollectionViewLayout.swift in Sources */ = {isa = PBXBuildFile; fileRef = 79288B032229C763008C895A /* ZoomableCollectionViewLayout.swift */; };
		7948D5A622227054008214D6 /* ChapterPageCell.swift in Sources */ = {isa = PBXBuildFile; fileRef = 7948D5A422227054008214D6 /* ChapterPageCell.swift */; };
		7948D5A722227054008214D6 /* ChapterPageCell.xib in Resources */ = {isa = PBXBuildFile; fileRef = 7948D5A522227054008214D6 /* ChapterPageCell.xib */; };
		794D670F2036105100912844 /* SearchMangaHeader.swift in Sources */ = {isa = PBXBuildFile; fileRef = 794D670E2036105100912844 /* SearchMangaHeader.swift */; };
		794E47B81F00BEC70062FA6D /* ChapterPageCollectionViewController.xib in Resources */ = {isa = PBXBuildFile; fileRef = 794E47B71F00BEC70062FA6D /* ChapterPageCollectionViewController.xib */; };
		794E47BA1F00BFEF0062FA6D /* ChapterPageCollectionViewController.swift in Sources */ = {isa = PBXBuildFile; fileRef = 794E47B91F00BFEF0062FA6D /* ChapterPageCollectionViewController.swift */; };
		794E47C01F00C2730062FA6D /* ChapterPageCollectionViewModel.swift in Sources */ = {isa = PBXBuildFile; fileRef = 794E47BF1F00C2730062FA6D /* ChapterPageCollectionViewModel.swift */; };
		794E47C21F00C3570062FA6D /* ChapterPageViewModel.swift in Sources */ = {isa = PBXBuildFile; fileRef = 794E47C11F00C3570062FA6D /* ChapterPageViewModel.swift */; };
		7958C8E81EFEA92400CAD90E /* ChapterCollectionViewModel.swift in Sources */ = {isa = PBXBuildFile; fileRef = 7958C8E71EFEA92400CAD90E /* ChapterCollectionViewModel.swift */; };
		7958C8EA1EFEB3B600CAD90E /* ChapterViewModel.swift in Sources */ = {isa = PBXBuildFile; fileRef = 7958C8E91EFEB3B600CAD90E /* ChapterViewModel.swift */; };
		796F98F01EE2FBD200FAF40C /* YomuNavigationController.swift in Sources */ = {isa = PBXBuildFile; fileRef = 796F98EF1EE2FBD200FAF40C /* YomuNavigationController.swift */; };
		796F98F31EE2FD9B00FAF40C /* YomuNavigationController.xib in Resources */ = {isa = PBXBuildFile; fileRef = 796F98F21EE2FD9B00FAF40C /* YomuNavigationController.xib */; };
		7972E5372219EF9E00388F2B /* R.generated.swift in Sources */ = {isa = PBXBuildFile; fileRef = 7972E5362219EF9E00388F2B /* R.generated.swift */; };
		7995215F1EE472970059CC34 /* URL.swift in Sources */ = {isa = PBXBuildFile; fileRef = 7995215E1EE472970059CC34 /* URL.swift */; };
		799521631EE473500059CC34 /* SearchedMangaViewModel.swift in Sources */ = {isa = PBXBuildFile; fileRef = 799521621EE473500059CC34 /* SearchedMangaViewModel.swift */; };
		799521651EE4737E0059CC34 /* SearchedMangaCollectionViewModel.swift in Sources */ = {isa = PBXBuildFile; fileRef = 799521641EE4737E0059CC34 /* SearchedMangaCollectionViewModel.swift */; };
		799521671EE4751D0059CC34 /* RxMoyaResponse.swift in Sources */ = {isa = PBXBuildFile; fileRef = 799521661EE4751D0059CC34 /* RxMoyaResponse.swift */; };
		799685BD1EE59F75000776FD /* SearchMangaCollectionViewController.swift in Sources */ = {isa = PBXBuildFile; fileRef = 799685BB1EE59F75000776FD /* SearchMangaCollectionViewController.swift */; };
		799685BE1EE59F75000776FD /* SearchMangaCollectionViewController.xib in Resources */ = {isa = PBXBuildFile; fileRef = 799685BC1EE59F75000776FD /* SearchMangaCollectionViewController.xib */; };
		799ACACD1EF451F3006208B5 /* OrderedSet.framework in Frameworks */ = {isa = PBXBuildFile; fileRef = 799ACACC1EF451F3006208B5 /* OrderedSet.framework */; };
		79A19F0C1F4F43BF00F1DEA7 /* ReadChapterRealm.swift in Sources */ = {isa = PBXBuildFile; fileRef = 79A19F0B1F4F43BF00F1DEA7 /* ReadChapterRealm.swift */; };
		79A917C11EFEC0C300820E57 /* ChapterCell.xib in Resources */ = {isa = PBXBuildFile; fileRef = 79A917C01EFEC0C300820E57 /* ChapterCell.xib */; };
		79A917C31EFEC29500820E57 /* ChapterCell.swift in Sources */ = {isa = PBXBuildFile; fileRef = 79A917C21EFEC29500820E57 /* ChapterCell.swift */; };
		79B3FC691EDC93C1008323C0 /* SearchedManga.swift in Sources */ = {isa = PBXBuildFile; fileRef = 79B3FC681EDC93C1008323C0 /* SearchedManga.swift */; };
		79B3FC6B1EDC93EB008323C0 /* ImageUrl.swift in Sources */ = {isa = PBXBuildFile; fileRef = 79B3FC6A1EDC93EB008323C0 /* ImageUrl.swift */; };
		79B3FC6D1EDC95AF008323C0 /* Manga.swift in Sources */ = {isa = PBXBuildFile; fileRef = 79B3FC6C1EDC95AF008323C0 /* Manga.swift */; };
		79B3FC6F1EDC960F008323C0 /* Chapter.swift in Sources */ = {isa = PBXBuildFile; fileRef = 79B3FC6E1EDC960F008323C0 /* Chapter.swift */; };
		79B3FC711EDC9638008323C0 /* ChapterPage.swift in Sources */ = {isa = PBXBuildFile; fileRef = 79B3FC701EDC9638008323C0 /* ChapterPage.swift */; };
		79B3FC731EDC9651008323C0 /* MangaRealm.swift in Sources */ = {isa = PBXBuildFile; fileRef = 79B3FC721EDC9651008323C0 /* MangaRealm.swift */; };
		79BD51AE1EFE52D70063F3AC /* ChapterCollectionViewController.xib in Resources */ = {isa = PBXBuildFile; fileRef = 79BD51AD1EFE52D70063F3AC /* ChapterCollectionViewController.xib */; };
		79BD51B01EFE62230063F3AC /* ChapterCollectionViewController.swift in Sources */ = {isa = PBXBuildFile; fileRef = 79BD51AF1EFE62230063F3AC /* ChapterCollectionViewController.swift */; };
		79C6F54B1ED9FCFA00B95629 /* AppDelegate.swift in Sources */ = {isa = PBXBuildFile; fileRef = 79C6F54A1ED9FCFA00B95629 /* AppDelegate.swift */; };
		79C6F5521ED9FCFA00B95629 /* Assets.xcassets in Resources */ = {isa = PBXBuildFile; fileRef = 79C6F5511ED9FCFA00B95629 /* Assets.xcassets */; };
		79C6F5551ED9FCFA00B95629 /* LaunchScreen.storyboard in Resources */ = {isa = PBXBuildFile; fileRef = 79C6F5531ED9FCFA00B95629 /* LaunchScreen.storyboard */; };
		79CE4A87223D84380079D2E7 /* Point.swift in Sources */ = {isa = PBXBuildFile; fileRef = 79CE4A86223D84380079D2E7 /* Point.swift */; };
		79CE4A89223D881A0079D2E7 /* Size.swift in Sources */ = {isa = PBXBuildFile; fileRef = 79CE4A88223D881A0079D2E7 /* Size.swift */; };
		79D525631EF307CC00431DDE /* MangaViewModel.swift in Sources */ = {isa = PBXBuildFile; fileRef = 79D525621EF307CC00431DDE /* MangaViewModel.swift */; };
		79D525661EF3087500431DDE /* MangaCollectionViewModel.swift in Sources */ = {isa = PBXBuildFile; fileRef = 79D525651EF3087500431DDE /* MangaCollectionViewModel.swift */; };
		79DC54E71F2DC11400077FA1 /* EmptyDataSetContainerView.swift in Sources */ = {isa = PBXBuildFile; fileRef = 79DC54E61F2DC11400077FA1 /* EmptyDataSetContainerView.swift */; };
		79DC54E91F2DC20B00077FA1 /* EmptyMangaSetView.xib in Resources */ = {isa = PBXBuildFile; fileRef = 79DC54E81F2DC20B00077FA1 /* EmptyMangaSetView.xib */; };
		79DC54EB1F2DCCD600077FA1 /* FetchMangaLoadingView.xib in Resources */ = {isa = PBXBuildFile; fileRef = 79DC54EA1F2DCCD600077FA1 /* FetchMangaLoadingView.xib */; };
		79F86A84203618D000C9F726 /* SearchMangaHeader.xib in Resources */ = {isa = PBXBuildFile; fileRef = 79F86A83203618D000C9F726 /* SearchMangaHeader.xib */; };
		79FE24351F5B1C8B00C3452D /* SearchBar.swift in Sources */ = {isa = PBXBuildFile; fileRef = 79FE24341F5B1C8B00C3452D /* SearchBar.swift */; };
		9572D9D199520E8F20E91BCA /* Pods_Yomu.framework in Frameworks */ = {isa = PBXBuildFile; fileRef = 0F7993593B222CDE3A2A9D44 /* Pods_Yomu.framework */; };
/* End PBXBuildFile section */

/* Begin PBXContainerItemProxy section */
		79C6F55C1ED9FCFA00B95629 /* PBXContainerItemProxy */ = {
			isa = PBXContainerItemProxy;
			containerPortal = 79C6F53F1ED9FCFA00B95629 /* Project object */;
			proxyType = 1;
			remoteGlobalIDString = 79C6F5461ED9FCFA00B95629;
			remoteInfo = Yomu;
		};
/* End PBXContainerItemProxy section */

/* Begin PBXFileReference section */
		0F7993593B222CDE3A2A9D44 /* Pods_Yomu.framework */ = {isa = PBXFileReference; explicitFileType = wrapper.framework; includeInIndex = 0; path = Pods_Yomu.framework; sourceTree = BUILT_PRODUCTS_DIR; };
		1845E03D997EBD53106682F7 /* Pods-Yomu.debug.xcconfig */ = {isa = PBXFileReference; includeInIndex = 1; lastKnownFileType = text.xcconfig; name = "Pods-Yomu.debug.xcconfig"; path = "Pods/Target Support Files/Pods-Yomu/Pods-Yomu.debug.xcconfig"; sourceTree = "<group>"; };
		790593E21EF0672900F7419E /* Database.swift */ = {isa = PBXFileReference; fileEncoding = 4; lastKnownFileType = sourcecode.swift; path = Database.swift; sourceTree = "<group>"; };
		790D7A8E1F461A15004EE916 /* Toaster.framework */ = {isa = PBXFileReference; lastKnownFileType = wrapper.framework; name = Toaster.framework; path = Carthage/Build/iOS/Toaster.framework; sourceTree = "<group>"; };
		7918EA9C1EF1AEC5004F3366 /* MangaCell.xib */ = {isa = PBXFileReference; fileEncoding = 4; lastKnownFileType = file.xib; path = MangaCell.xib; sourceTree = "<group>"; };
		7919319A1EE87DBA00607A11 /* SearchedMangaCell.xib */ = {isa = PBXFileReference; fileEncoding = 4; lastKnownFileType = file.xib; path = SearchedMangaCell.xib; sourceTree = "<group>"; };
		7919319E1EE87E2600607A11 /* SearchedMangaCell.swift */ = {isa = PBXFileReference; fileEncoding = 4; lastKnownFileType = sourcecode.swift; path = SearchedMangaCell.swift; sourceTree = "<group>"; };
		791BEBEF1F63B04200C38DA4 /* ChapterCollectionHeader.xib */ = {isa = PBXFileReference; fileEncoding = 4; lastKnownFileType = file.xib; path = ChapterCollectionHeader.xib; sourceTree = "<group>"; };
		791BEBF11F63C04600C38DA4 /* ChapterCollectionHeader.swift */ = {isa = PBXFileReference; fileEncoding = 4; lastKnownFileType = sourcecode.swift; path = ChapterCollectionHeader.swift; sourceTree = "<group>"; };
		79211D5F1ED9FD970049B6E2 /* Alamofire.framework */ = {isa = PBXFileReference; lastKnownFileType = wrapper.framework; name = Alamofire.framework; path = Carthage/Build/iOS/Alamofire.framework; sourceTree = "<group>"; };
		79211D601ED9FD970049B6E2 /* Argo.framework */ = {isa = PBXFileReference; lastKnownFileType = wrapper.framework; name = Argo.framework; path = Carthage/Build/iOS/Argo.framework; sourceTree = "<group>"; };
		79211D611ED9FD970049B6E2 /* Cartography.framework */ = {isa = PBXFileReference; lastKnownFileType = wrapper.framework; name = Cartography.framework; path = Carthage/Build/iOS/Cartography.framework; sourceTree = "<group>"; };
		79211D621ED9FD970049B6E2 /* Curry.framework */ = {isa = PBXFileReference; lastKnownFileType = wrapper.framework; name = Curry.framework; path = Carthage/Build/iOS/Curry.framework; sourceTree = "<group>"; };
		79211D631ED9FD970049B6E2 /* Hue.framework */ = {isa = PBXFileReference; lastKnownFileType = wrapper.framework; name = Hue.framework; path = Carthage/Build/iOS/Hue.framework; sourceTree = "<group>"; };
		79211D641ED9FD970049B6E2 /* Kingfisher.framework */ = {isa = PBXFileReference; lastKnownFileType = wrapper.framework; name = Kingfisher.framework; path = Carthage/Build/iOS/Kingfisher.framework; sourceTree = "<group>"; };
		79211D651ED9FD970049B6E2 /* Moya.framework */ = {isa = PBXFileReference; lastKnownFileType = wrapper.framework; name = Moya.framework; path = Carthage/Build/iOS/Moya.framework; sourceTree = "<group>"; };
		79211D661ED9FD970049B6E2 /* Realm.framework */ = {isa = PBXFileReference; lastKnownFileType = wrapper.framework; name = Realm.framework; path = Carthage/Build/iOS/Realm.framework; sourceTree = "<group>"; };
		79211D671ED9FD970049B6E2 /* RealmSwift.framework */ = {isa = PBXFileReference; lastKnownFileType = wrapper.framework; name = RealmSwift.framework; path = Carthage/Build/iOS/RealmSwift.framework; sourceTree = "<group>"; };
		79211D681ED9FD970049B6E2 /* Result.framework */ = {isa = PBXFileReference; lastKnownFileType = wrapper.framework; name = Result.framework; path = Carthage/Build/iOS/Result.framework; sourceTree = "<group>"; };
		79211D691ED9FD970049B6E2 /* Runes.framework */ = {isa = PBXFileReference; lastKnownFileType = wrapper.framework; name = Runes.framework; path = Carthage/Build/iOS/Runes.framework; sourceTree = "<group>"; };
		79211D6A1ED9FD970049B6E2 /* RxCocoa.framework */ = {isa = PBXFileReference; lastKnownFileType = wrapper.framework; name = RxCocoa.framework; path = Carthage/Build/iOS/RxCocoa.framework; sourceTree = "<group>"; };
		79211D6B1ED9FD970049B6E2 /* RxMoya.framework */ = {isa = PBXFileReference; lastKnownFileType = wrapper.framework; name = RxMoya.framework; path = Carthage/Build/iOS/RxMoya.framework; sourceTree = "<group>"; };
		79211D6C1ED9FD970049B6E2 /* RxRealm.framework */ = {isa = PBXFileReference; lastKnownFileType = wrapper.framework; name = RxRealm.framework; path = Carthage/Build/iOS/RxRealm.framework; sourceTree = "<group>"; };
		79211D6D1ED9FD970049B6E2 /* RxSwift.framework */ = {isa = PBXFileReference; lastKnownFileType = wrapper.framework; name = RxSwift.framework; path = Carthage/Build/iOS/RxSwift.framework; sourceTree = "<group>"; };
		79211D6E1ED9FD970049B6E2 /* Swiftz.framework */ = {isa = PBXFileReference; lastKnownFileType = wrapper.framework; name = Swiftz.framework; path = Carthage/Build/iOS/Swiftz.framework; sourceTree = "<group>"; };
		79234C001EE32945000D6734 /* YomuAPI.swift */ = {isa = PBXFileReference; fileEncoding = 4; lastKnownFileType = sourcecode.swift; path = YomuAPI.swift; sourceTree = "<group>"; };
		79234C031EE3298C000D6734 /* String.swift */ = {isa = PBXFileReference; fileEncoding = 4; lastKnownFileType = sourcecode.swift; path = String.swift; sourceTree = "<group>"; };
		79234C051EE32A10000D6734 /* MangaEdenAPI.swift */ = {isa = PBXFileReference; fileEncoding = 4; lastKnownFileType = sourcecode.swift; path = MangaEdenAPI.swift; sourceTree = "<group>"; };
		79258B8E1EF1644C00202035 /* MangaCollectionViewController.swift */ = {isa = PBXFileReference; fileEncoding = 4; lastKnownFileType = sourcecode.swift; path = MangaCollectionViewController.swift; sourceTree = "<group>"; };
		79258B8F1EF1644C00202035 /* MangaCollectionViewController.xib */ = {isa = PBXFileReference; fileEncoding = 4; lastKnownFileType = file.xib; path = MangaCollectionViewController.xib; sourceTree = "<group>"; };
		79258B921EF1652200202035 /* MangaCell.swift */ = {isa = PBXFileReference; fileEncoding = 4; lastKnownFileType = sourcecode.swift; path = MangaCell.swift; sourceTree = "<group>"; };
		79288B012229BF2B008C895A /* ZoomScale.swift */ = {isa = PBXFileReference; lastKnownFileType = sourcecode.swift; path = ZoomScale.swift; sourceTree = "<group>"; };
		79288B032229C763008C895A /* ZoomableCollectionViewLayout.swift */ = {isa = PBXFileReference; lastKnownFileType = sourcecode.swift; path = ZoomableCollectionViewLayout.swift; sourceTree = "<group>"; };
		7948D5A422227054008214D6 /* ChapterPageCell.swift */ = {isa = PBXFileReference; lastKnownFileType = sourcecode.swift; path = ChapterPageCell.swift; sourceTree = "<group>"; };
		7948D5A522227054008214D6 /* ChapterPageCell.xib */ = {isa = PBXFileReference; lastKnownFileType = file.xib; path = ChapterPageCell.xib; sourceTree = "<group>"; };
		794D670E2036105100912844 /* SearchMangaHeader.swift */ = {isa = PBXFileReference; lastKnownFileType = sourcecode.swift; path = SearchMangaHeader.swift; sourceTree = "<group>"; };
		794E47B71F00BEC70062FA6D /* ChapterPageCollectionViewController.xib */ = {isa = PBXFileReference; fileEncoding = 4; lastKnownFileType = file.xib; path = ChapterPageCollectionViewController.xib; sourceTree = "<group>"; };
		794E47B91F00BFEF0062FA6D /* ChapterPageCollectionViewController.swift */ = {isa = PBXFileReference; fileEncoding = 4; lastKnownFileType = sourcecode.swift; path = ChapterPageCollectionViewController.swift; sourceTree = "<group>"; };
		794E47BF1F00C2730062FA6D /* ChapterPageCollectionViewModel.swift */ = {isa = PBXFileReference; fileEncoding = 4; lastKnownFileType = sourcecode.swift; path = ChapterPageCollectionViewModel.swift; sourceTree = "<group>"; };
		794E47C11F00C3570062FA6D /* ChapterPageViewModel.swift */ = {isa = PBXFileReference; fileEncoding = 4; lastKnownFileType = sourcecode.swift; path = ChapterPageViewModel.swift; sourceTree = "<group>"; };
		7958C8E71EFEA92400CAD90E /* ChapterCollectionViewModel.swift */ = {isa = PBXFileReference; fileEncoding = 4; lastKnownFileType = sourcecode.swift; path = ChapterCollectionViewModel.swift; sourceTree = "<group>"; };
		7958C8E91EFEB3B600CAD90E /* ChapterViewModel.swift */ = {isa = PBXFileReference; fileEncoding = 4; lastKnownFileType = sourcecode.swift; path = ChapterViewModel.swift; sourceTree = "<group>"; };
		796C3D221EE29F2D0029BBB2 /* URLNavigator.framework */ = {isa = PBXFileReference; lastKnownFileType = wrapper.framework; name = URLNavigator.framework; path = Carthage/Build/iOS/URLNavigator.framework; sourceTree = "<group>"; };
		796F98EF1EE2FBD200FAF40C /* YomuNavigationController.swift */ = {isa = PBXFileReference; fileEncoding = 4; lastKnownFileType = sourcecode.swift; path = YomuNavigationController.swift; sourceTree = "<group>"; };
		796F98F21EE2FD9B00FAF40C /* YomuNavigationController.xib */ = {isa = PBXFileReference; fileEncoding = 4; lastKnownFileType = file.xib; path = YomuNavigationController.xib; sourceTree = "<group>"; };
		7972E5362219EF9E00388F2B /* R.generated.swift */ = {isa = PBXFileReference; fileEncoding = 4; lastKnownFileType = sourcecode.swift; path = R.generated.swift; sourceTree = SOURCE_ROOT; };
		7995215E1EE472970059CC34 /* URL.swift */ = {isa = PBXFileReference; fileEncoding = 4; lastKnownFileType = sourcecode.swift; path = URL.swift; sourceTree = "<group>"; };
		799521621EE473500059CC34 /* SearchedMangaViewModel.swift */ = {isa = PBXFileReference; fileEncoding = 4; lastKnownFileType = sourcecode.swift; path = SearchedMangaViewModel.swift; sourceTree = "<group>"; };
		799521641EE4737E0059CC34 /* SearchedMangaCollectionViewModel.swift */ = {isa = PBXFileReference; fileEncoding = 4; lastKnownFileType = sourcecode.swift; path = SearchedMangaCollectionViewModel.swift; sourceTree = "<group>"; };
		799521661EE4751D0059CC34 /* RxMoyaResponse.swift */ = {isa = PBXFileReference; fileEncoding = 4; lastKnownFileType = sourcecode.swift; path = RxMoyaResponse.swift; sourceTree = "<group>"; };
		799685BB1EE59F75000776FD /* SearchMangaCollectionViewController.swift */ = {isa = PBXFileReference; fileEncoding = 4; lastKnownFileType = sourcecode.swift; path = SearchMangaCollectionViewController.swift; sourceTree = "<group>"; };
		799685BC1EE59F75000776FD /* SearchMangaCollectionViewController.xib */ = {isa = PBXFileReference; fileEncoding = 4; lastKnownFileType = file.xib; path = SearchMangaCollectionViewController.xib; sourceTree = "<group>"; };
		799ACACC1EF451F3006208B5 /* OrderedSet.framework */ = {isa = PBXFileReference; lastKnownFileType = wrapper.framework; name = OrderedSet.framework; path = Carthage/Build/iOS/OrderedSet.framework; sourceTree = "<group>"; };
		79A19F0B1F4F43BF00F1DEA7 /* ReadChapterRealm.swift */ = {isa = PBXFileReference; fileEncoding = 4; lastKnownFileType = sourcecode.swift; path = ReadChapterRealm.swift; sourceTree = "<group>"; };
		79A917C01EFEC0C300820E57 /* ChapterCell.xib */ = {isa = PBXFileReference; fileEncoding = 4; lastKnownFileType = file.xib; path = ChapterCell.xib; sourceTree = "<group>"; };
		79A917C21EFEC29500820E57 /* ChapterCell.swift */ = {isa = PBXFileReference; fileEncoding = 4; lastKnownFileType = sourcecode.swift; path = ChapterCell.swift; sourceTree = "<group>"; };
		79B3FC681EDC93C1008323C0 /* SearchedManga.swift */ = {isa = PBXFileReference; fileEncoding = 4; lastKnownFileType = sourcecode.swift; path = SearchedManga.swift; sourceTree = "<group>"; };
		79B3FC6A1EDC93EB008323C0 /* ImageUrl.swift */ = {isa = PBXFileReference; fileEncoding = 4; lastKnownFileType = sourcecode.swift; path = ImageUrl.swift; sourceTree = "<group>"; };
		79B3FC6C1EDC95AF008323C0 /* Manga.swift */ = {isa = PBXFileReference; fileEncoding = 4; lastKnownFileType = sourcecode.swift; path = Manga.swift; sourceTree = "<group>"; };
		79B3FC6E1EDC960F008323C0 /* Chapter.swift */ = {isa = PBXFileReference; fileEncoding = 4; lastKnownFileType = sourcecode.swift; path = Chapter.swift; sourceTree = "<group>"; };
		79B3FC701EDC9638008323C0 /* ChapterPage.swift */ = {isa = PBXFileReference; fileEncoding = 4; lastKnownFileType = sourcecode.swift; path = ChapterPage.swift; sourceTree = "<group>"; };
		79B3FC721EDC9651008323C0 /* MangaRealm.swift */ = {isa = PBXFileReference; fileEncoding = 4; lastKnownFileType = sourcecode.swift; path = MangaRealm.swift; sourceTree = "<group>"; };
		79BD51AD1EFE52D70063F3AC /* ChapterCollectionViewController.xib */ = {isa = PBXFileReference; fileEncoding = 4; lastKnownFileType = file.xib; path = ChapterCollectionViewController.xib; sourceTree = "<group>"; };
		79BD51AF1EFE62230063F3AC /* ChapterCollectionViewController.swift */ = {isa = PBXFileReference; fileEncoding = 4; lastKnownFileType = sourcecode.swift; path = ChapterCollectionViewController.swift; sourceTree = "<group>"; };
		79C6F5471ED9FCFA00B95629 /* Yomu.app */ = {isa = PBXFileReference; explicitFileType = wrapper.application; includeInIndex = 0; path = Yomu.app; sourceTree = BUILT_PRODUCTS_DIR; };
		79C6F54A1ED9FCFA00B95629 /* AppDelegate.swift */ = {isa = PBXFileReference; lastKnownFileType = sourcecode.swift; path = AppDelegate.swift; sourceTree = "<group>"; };
		79C6F5511ED9FCFA00B95629 /* Assets.xcassets */ = {isa = PBXFileReference; lastKnownFileType = folder.assetcatalog; path = Assets.xcassets; sourceTree = "<group>"; };
		79C6F5541ED9FCFA00B95629 /* Base */ = {isa = PBXFileReference; lastKnownFileType = file.storyboard; name = Base; path = Base.lproj/LaunchScreen.storyboard; sourceTree = "<group>"; };
		79C6F5561ED9FCFA00B95629 /* Info.plist */ = {isa = PBXFileReference; lastKnownFileType = text.plist.xml; path = Info.plist; sourceTree = "<group>"; };
		79C6F55B1ED9FCFA00B95629 /* YomuTests.xctest */ = {isa = PBXFileReference; explicitFileType = wrapper.cfbundle; includeInIndex = 0; path = YomuTests.xctest; sourceTree = BUILT_PRODUCTS_DIR; };
		79C6F5611ED9FCFA00B95629 /* Info.plist */ = {isa = PBXFileReference; lastKnownFileType = text.plist.xml; path = Info.plist; sourceTree = "<group>"; };
		79CE4A86223D84380079D2E7 /* Point.swift */ = {isa = PBXFileReference; lastKnownFileType = sourcecode.swift; path = Point.swift; sourceTree = "<group>"; };
		79CE4A88223D881A0079D2E7 /* Size.swift */ = {isa = PBXFileReference; lastKnownFileType = sourcecode.swift; path = Size.swift; sourceTree = "<group>"; };
		79D525621EF307CC00431DDE /* MangaViewModel.swift */ = {isa = PBXFileReference; fileEncoding = 4; lastKnownFileType = sourcecode.swift; path = MangaViewModel.swift; sourceTree = "<group>"; };
		79D525651EF3087500431DDE /* MangaCollectionViewModel.swift */ = {isa = PBXFileReference; fileEncoding = 4; lastKnownFileType = sourcecode.swift; path = MangaCollectionViewModel.swift; sourceTree = "<group>"; };
		79DC54E61F2DC11400077FA1 /* EmptyDataSetContainerView.swift */ = {isa = PBXFileReference; fileEncoding = 4; lastKnownFileType = sourcecode.swift; path = EmptyDataSetContainerView.swift; sourceTree = "<group>"; };
		79DC54E81F2DC20B00077FA1 /* EmptyMangaSetView.xib */ = {isa = PBXFileReference; fileEncoding = 4; lastKnownFileType = file.xib; path = EmptyMangaSetView.xib; sourceTree = "<group>"; };
		79DC54EA1F2DCCD600077FA1 /* FetchMangaLoadingView.xib */ = {isa = PBXFileReference; fileEncoding = 4; lastKnownFileType = file.xib; path = FetchMangaLoadingView.xib; sourceTree = "<group>"; };
		79F86A83203618D000C9F726 /* SearchMangaHeader.xib */ = {isa = PBXFileReference; lastKnownFileType = file.xib; path = SearchMangaHeader.xib; sourceTree = "<group>"; };
		79FE24341F5B1C8B00C3452D /* SearchBar.swift */ = {isa = PBXFileReference; fileEncoding = 4; lastKnownFileType = sourcecode.swift; path = SearchBar.swift; sourceTree = "<group>"; };
		CE92F20852E62735FC1E77F4 /* Pods-Yomu.release.xcconfig */ = {isa = PBXFileReference; includeInIndex = 1; lastKnownFileType = text.xcconfig; name = "Pods-Yomu.release.xcconfig"; path = "Pods/Target Support Files/Pods-Yomu/Pods-Yomu.release.xcconfig"; sourceTree = "<group>"; };
/* End PBXFileReference section */

/* Begin PBXFrameworksBuildPhase section */
		79C6F5441ED9FCFA00B95629 /* Frameworks */ = {
			isa = PBXFrameworksBuildPhase;
			buildActionMask = 2147483647;
			files = (
				790D7A8F1F461A15004EE916 /* Toaster.framework in Frameworks */,
				79211D6F1ED9FD970049B6E2 /* Alamofire.framework in Frameworks */,
				79211D701ED9FD970049B6E2 /* Argo.framework in Frameworks */,
				79211D711ED9FD970049B6E2 /* Cartography.framework in Frameworks */,
				79211D721ED9FD970049B6E2 /* Curry.framework in Frameworks */,
				79211D731ED9FD970049B6E2 /* Hue.framework in Frameworks */,
				79211D741ED9FD970049B6E2 /* Kingfisher.framework in Frameworks */,
				79211D751ED9FD970049B6E2 /* Moya.framework in Frameworks */,
				79211D761ED9FD970049B6E2 /* Realm.framework in Frameworks */,
				79211D771ED9FD970049B6E2 /* RealmSwift.framework in Frameworks */,
				79211D781ED9FD970049B6E2 /* Result.framework in Frameworks */,
				79211D791ED9FD970049B6E2 /* Runes.framework in Frameworks */,
				79211D7A1ED9FD970049B6E2 /* RxCocoa.framework in Frameworks */,
				79211D7B1ED9FD970049B6E2 /* RxMoya.framework in Frameworks */,
				79211D7C1ED9FD970049B6E2 /* RxRealm.framework in Frameworks */,
				79211D7D1ED9FD970049B6E2 /* RxSwift.framework in Frameworks */,
				79211D7E1ED9FD970049B6E2 /* Swiftz.framework in Frameworks */,
				799ACACD1EF451F3006208B5 /* OrderedSet.framework in Frameworks */,
				9572D9D199520E8F20E91BCA /* Pods_Yomu.framework in Frameworks */,
			);
			runOnlyForDeploymentPostprocessing = 0;
		};
		79C6F5581ED9FCFA00B95629 /* Frameworks */ = {
			isa = PBXFrameworksBuildPhase;
			buildActionMask = 2147483647;
			files = (
			);
			runOnlyForDeploymentPostprocessing = 0;
		};
/* End PBXFrameworksBuildPhase section */

/* Begin PBXGroup section */
		6C4A15FF0393EA1F75FFB37C /* Pods */ = {
			isa = PBXGroup;
			children = (
				1845E03D997EBD53106682F7 /* Pods-Yomu.debug.xcconfig */,
				CE92F20852E62735FC1E77F4 /* Pods-Yomu.release.xcconfig */,
			);
			name = Pods;
			sourceTree = "<group>";
		};
		790593E11EF066DF00F7419E /* Services */ = {
			isa = PBXGroup;
			children = (
				790593E21EF0672900F7419E /* Database.swift */,
			);
			path = Services;
			sourceTree = "<group>";
		};
		79211D5E1ED9FD970049B6E2 /* Frameworks */ = {
			isa = PBXGroup;
			children = (
				790D7A8E1F461A15004EE916 /* Toaster.framework */,
				799ACACC1EF451F3006208B5 /* OrderedSet.framework */,
				796C3D221EE29F2D0029BBB2 /* URLNavigator.framework */,
				79211D5F1ED9FD970049B6E2 /* Alamofire.framework */,
				79211D601ED9FD970049B6E2 /* Argo.framework */,
				79211D611ED9FD970049B6E2 /* Cartography.framework */,
				79211D621ED9FD970049B6E2 /* Curry.framework */,
				79211D631ED9FD970049B6E2 /* Hue.framework */,
				79211D641ED9FD970049B6E2 /* Kingfisher.framework */,
				79211D651ED9FD970049B6E2 /* Moya.framework */,
				79211D661ED9FD970049B6E2 /* Realm.framework */,
				79211D671ED9FD970049B6E2 /* RealmSwift.framework */,
				79211D681ED9FD970049B6E2 /* Result.framework */,
				79211D691ED9FD970049B6E2 /* Runes.framework */,
				79211D6A1ED9FD970049B6E2 /* RxCocoa.framework */,
				79211D6B1ED9FD970049B6E2 /* RxMoya.framework */,
				79211D6C1ED9FD970049B6E2 /* RxRealm.framework */,
				79211D6D1ED9FD970049B6E2 /* RxSwift.framework */,
				79211D6E1ED9FD970049B6E2 /* Swiftz.framework */,
				0F7993593B222CDE3A2A9D44 /* Pods_Yomu.framework */,
			);
			name = Frameworks;
			sourceTree = "<group>";
		};
		79234BFF1EE32931000D6734 /* API */ = {
			isa = PBXGroup;
			children = (
				79234C051EE32A10000D6734 /* MangaEdenAPI.swift */,
				79234C001EE32945000D6734 /* YomuAPI.swift */,
			);
			path = API;
			sourceTree = "<group>";
		};
		79234C021EE32983000D6734 /* Extensions */ = {
			isa = PBXGroup;
			children = (
				799521661EE4751D0059CC34 /* RxMoyaResponse.swift */,
				79234C031EE3298C000D6734 /* String.swift */,
				7995215E1EE472970059CC34 /* URL.swift */,
			);
			path = Extensions;
			sourceTree = "<group>";
		};
		795121821F47261500D5417B /* Resources */ = {
			isa = PBXGroup;
			children = (
				79C6F5511ED9FCFA00B95629 /* Assets.xcassets */,
			);
			path = Resources;
			sourceTree = "<group>";
		};
		79A0AD281F16A04A00AD8954 /* Screens */ = {
			isa = PBXGroup;
			children = (
				79A0AD2A1F16A09200AD8954 /* ChapterList */,
				79A0AD2C1F16A11900AD8954 /* ChapterPageList */,
				79A0AD291F16A05200AD8954 /* MangaList */,
				79A0AD2D1F16A17000AD8954 /* Root */,
				79A0AD2B1F16A0E100AD8954 /* SearchManga */,
			);
			path = Screens;
			sourceTree = "<group>";
		};
		79A0AD291F16A05200AD8954 /* MangaList */ = {
			isa = PBXGroup;
			children = (
				79DC54E81F2DC20B00077FA1 /* EmptyMangaSetView.xib */,
				79DC54EA1F2DCCD600077FA1 /* FetchMangaLoadingView.xib */,
				79B3FC6C1EDC95AF008323C0 /* Manga.swift */,
				79258B921EF1652200202035 /* MangaCell.swift */,
				7918EA9C1EF1AEC5004F3366 /* MangaCell.xib */,
				79258B8E1EF1644C00202035 /* MangaCollectionViewController.swift */,
				79258B8F1EF1644C00202035 /* MangaCollectionViewController.xib */,
				79D525651EF3087500431DDE /* MangaCollectionViewModel.swift */,
				79B3FC721EDC9651008323C0 /* MangaRealm.swift */,
				79D525621EF307CC00431DDE /* MangaViewModel.swift */,
			);
			path = MangaList;
			sourceTree = "<group>";
		};
		79A0AD2A1F16A09200AD8954 /* ChapterList */ = {
			isa = PBXGroup;
			children = (
				79B3FC6E1EDC960F008323C0 /* Chapter.swift */,
				79A917C21EFEC29500820E57 /* ChapterCell.swift */,
				79A917C01EFEC0C300820E57 /* ChapterCell.xib */,
				791BEBF11F63C04600C38DA4 /* ChapterCollectionHeader.swift */,
				791BEBEF1F63B04200C38DA4 /* ChapterCollectionHeader.xib */,
				79BD51AF1EFE62230063F3AC /* ChapterCollectionViewController.swift */,
				79BD51AD1EFE52D70063F3AC /* ChapterCollectionViewController.xib */,
				7958C8E71EFEA92400CAD90E /* ChapterCollectionViewModel.swift */,
				7958C8E91EFEB3B600CAD90E /* ChapterViewModel.swift */,
				79A19F0B1F4F43BF00F1DEA7 /* ReadChapterRealm.swift */,
			);
			path = ChapterList;
			sourceTree = "<group>";
		};
		79A0AD2B1F16A0E100AD8954 /* SearchManga */ = {
			isa = PBXGroup;
			children = (
				799685BB1EE59F75000776FD /* SearchMangaCollectionViewController.swift */,
				799685BC1EE59F75000776FD /* SearchMangaCollectionViewController.xib */,
				79B3FC681EDC93C1008323C0 /* SearchedManga.swift */,
				7919319A1EE87DBA00607A11 /* SearchedMangaCell.xib */,
				7919319E1EE87E2600607A11 /* SearchedMangaCell.swift */,
				799521641EE4737E0059CC34 /* SearchedMangaCollectionViewModel.swift */,
				799521621EE473500059CC34 /* SearchedMangaViewModel.swift */,
				794D670E2036105100912844 /* SearchMangaHeader.swift */,
				79F86A83203618D000C9F726 /* SearchMangaHeader.xib */,
			);
			path = SearchManga;
			sourceTree = "<group>";
		};
		79A0AD2C1F16A11900AD8954 /* ChapterPageList */ = {
			isa = PBXGroup;
			children = (
				79B3FC701EDC9638008323C0 /* ChapterPage.swift */,
				794E47B91F00BFEF0062FA6D /* ChapterPageCollectionViewController.swift */,
				794E47B71F00BEC70062FA6D /* ChapterPageCollectionViewController.xib */,
				794E47BF1F00C2730062FA6D /* ChapterPageCollectionViewModel.swift */,
				794E47C11F00C3570062FA6D /* ChapterPageViewModel.swift */,
				7948D5A422227054008214D6 /* ChapterPageCell.swift */,
				7948D5A522227054008214D6 /* ChapterPageCell.xib */,
				79288B012229BF2B008C895A /* ZoomScale.swift */,
				79CE4A86223D84380079D2E7 /* Point.swift */,
				79CE4A88223D881A0079D2E7 /* Size.swift */,
				79288B032229C763008C895A /* ZoomableCollectionViewLayout.swift */,
			);
			path = ChapterPageList;
			sourceTree = "<group>";
		};
		79A0AD2D1F16A17000AD8954 /* Root */ = {
			isa = PBXGroup;
			children = (
				796F98EF1EE2FBD200FAF40C /* YomuNavigationController.swift */,
				796F98F21EE2FD9B00FAF40C /* YomuNavigationController.xib */,
			);
			path = Root;
			sourceTree = "<group>";
		};
		79B3FC671EDC91D4008323C0 /* DataStructures */ = {
			isa = PBXGroup;
			children = (
				79B3FC6A1EDC93EB008323C0 /* ImageUrl.swift */,
			);
			path = DataStructures;
			sourceTree = "<group>";
		};
		79C6F53E1ED9FCFA00B95629 = {
			isa = PBXGroup;
			children = (
				79211D5E1ED9FD970049B6E2 /* Frameworks */,
				6C4A15FF0393EA1F75FFB37C /* Pods */,
				79C6F5481ED9FCFA00B95629 /* Products */,
				795121821F47261500D5417B /* Resources */,
				79C6F5491ED9FCFA00B95629 /* Yomu */,
				79C6F55E1ED9FCFA00B95629 /* YomuTests */,
			);
			sourceTree = "<group>";
		};
		79C6F5481ED9FCFA00B95629 /* Products */ = {
			isa = PBXGroup;
			children = (
				79C6F5471ED9FCFA00B95629 /* Yomu.app */,
				79C6F55B1ED9FCFA00B95629 /* YomuTests.xctest */,
			);
			name = Products;
			sourceTree = "<group>";
		};
		79C6F5491ED9FCFA00B95629 /* Yomu */ = {
			isa = PBXGroup;
			children = (
				79234BFF1EE32931000D6734 /* API */,
				79DC54E51F2DC0DA00077FA1 /* Common */,
				79B3FC671EDC91D4008323C0 /* DataStructures */,
				79234C021EE32983000D6734 /* Extensions */,
				79A0AD281F16A04A00AD8954 /* Screens */,
				790593E11EF066DF00F7419E /* Services */,
				79C6F54A1ED9FCFA00B95629 /* AppDelegate.swift */,
				7972E5362219EF9E00388F2B /* R.generated.swift */,
				79C6F5561ED9FCFA00B95629 /* Info.plist */,
				79C6F5531ED9FCFA00B95629 /* LaunchScreen.storyboard */,
			);
			path = Yomu;
			sourceTree = "<group>";
		};
		79C6F55E1ED9FCFA00B95629 /* YomuTests */ = {
			isa = PBXGroup;
			children = (
				79C6F5611ED9FCFA00B95629 /* Info.plist */,
			);
			path = YomuTests;
			sourceTree = "<group>";
		};
		79DC54E51F2DC0DA00077FA1 /* Common */ = {
			isa = PBXGroup;
			children = (
				79DC54E61F2DC11400077FA1 /* EmptyDataSetContainerView.swift */,
				79FE24341F5B1C8B00C3452D /* SearchBar.swift */,
			);
			path = Common;
			sourceTree = "<group>";
		};
/* End PBXGroup section */

/* Begin PBXNativeTarget section */
		79C6F5461ED9FCFA00B95629 /* Yomu */ = {
			isa = PBXNativeTarget;
			buildConfigurationList = 79C6F5641ED9FCFA00B95629 /* Build configuration list for PBXNativeTarget "Yomu" */;
			buildPhases = (
				BC01BA89A05E875603722A6E /* [CP] Check Pods Manifest.lock */,
				79803DBF1EFEBB9400CA7DCC /* [R.Swift] Run Script */,
				79C6F5431ED9FCFA00B95629 /* Sources */,
				79C6F5441ED9FCFA00B95629 /* Frameworks */,
				79C6F5451ED9FCFA00B95629 /* Resources */,
				79211D7F1ED9FDF50049B6E2 /* [Carthage] Run Script */,
				79211D801ED9FE590049B6E2 /* [Swiftlint] Run Script */,
				82CC81B7B2F5FBAE7B7B1F91 /* [CP] Embed Pods Frameworks */,
				56DB5BEE743E20AE3859EBFB /* [CP] Copy Pods Resources */,
			);
			buildRules = (
			);
			dependencies = (
			);
			name = Yomu;
			productName = Yomu;
			productReference = 79C6F5471ED9FCFA00B95629 /* Yomu.app */;
			productType = "com.apple.product-type.application";
		};
		79C6F55A1ED9FCFA00B95629 /* YomuTests */ = {
			isa = PBXNativeTarget;
			buildConfigurationList = 79C6F5671ED9FCFA00B95629 /* Build configuration list for PBXNativeTarget "YomuTests" */;
			buildPhases = (
				79C6F5571ED9FCFA00B95629 /* Sources */,
				79C6F5581ED9FCFA00B95629 /* Frameworks */,
				79C6F5591ED9FCFA00B95629 /* Resources */,
			);
			buildRules = (
			);
			dependencies = (
				79C6F55D1ED9FCFA00B95629 /* PBXTargetDependency */,
			);
			name = YomuTests;
			productName = YomuTests;
			productReference = 79C6F55B1ED9FCFA00B95629 /* YomuTests.xctest */;
			productType = "com.apple.product-type.bundle.unit-test";
		};
/* End PBXNativeTarget section */

/* Begin PBXProject section */
		79C6F53F1ED9FCFA00B95629 /* Project object */ = {
			isa = PBXProject;
			attributes = {
				LastSwiftUpdateCheck = 0830;
				LastUpgradeCheck = 1010;
				ORGANIZATIONNAME = "Sendy Halim";
				TargetAttributes = {
					79C6F5461ED9FCFA00B95629 = {
						CreatedOnToolsVersion = 8.3.2;
						DevelopmentTeam = 4QCP9AS6BP;
						LastSwiftMigration = 0900;
						ProvisioningStyle = Automatic;
					};
					79C6F55A1ED9FCFA00B95629 = {
						CreatedOnToolsVersion = 8.3.2;
						DevelopmentTeam = 4QCP9AS6BP;
						ProvisioningStyle = Automatic;
						TestTargetID = 79C6F5461ED9FCFA00B95629;
					};
				};
			};
			buildConfigurationList = 79C6F5421ED9FCFA00B95629 /* Build configuration list for PBXProject "Yomu" */;
			compatibilityVersion = "Xcode 3.2";
			developmentRegion = English;
			hasScannedForEncodings = 0;
			knownRegions = (
				en,
				Base,
			);
			mainGroup = 79C6F53E1ED9FCFA00B95629;
			productRefGroup = 79C6F5481ED9FCFA00B95629 /* Products */;
			projectDirPath = "";
			projectRoot = "";
			targets = (
				79C6F5461ED9FCFA00B95629 /* Yomu */,
				79C6F55A1ED9FCFA00B95629 /* YomuTests */,
			);
		};
/* End PBXProject section */

/* Begin PBXResourcesBuildPhase section */
		79C6F5451ED9FCFA00B95629 /* Resources */ = {
			isa = PBXResourcesBuildPhase;
			buildActionMask = 2147483647;
			files = (
				79DC54E91F2DC20B00077FA1 /* EmptyMangaSetView.xib in Resources */,
				79C6F5551ED9FCFA00B95629 /* LaunchScreen.storyboard in Resources */,
				79C6F5521ED9FCFA00B95629 /* Assets.xcassets in Resources */,
				7919319B1EE87DBA00607A11 /* SearchedMangaCell.xib in Resources */,
				7918EA9D1EF1AEC5004F3366 /* MangaCell.xib in Resources */,
				79258B911EF1644C00202035 /* MangaCollectionViewController.xib in Resources */,
				796F98F31EE2FD9B00FAF40C /* YomuNavigationController.xib in Resources */,
				79BD51AE1EFE52D70063F3AC /* ChapterCollectionViewController.xib in Resources */,
				7948D5A722227054008214D6 /* ChapterPageCell.xib in Resources */,
				794E47B81F00BEC70062FA6D /* ChapterPageCollectionViewController.xib in Resources */,
				799685BE1EE59F75000776FD /* SearchMangaCollectionViewController.xib in Resources */,
				791BEBF01F63B04200C38DA4 /* ChapterCollectionHeader.xib in Resources */,
				79DC54EB1F2DCCD600077FA1 /* FetchMangaLoadingView.xib in Resources */,
				79F86A84203618D000C9F726 /* SearchMangaHeader.xib in Resources */,
				79A917C11EFEC0C300820E57 /* ChapterCell.xib in Resources */,
			);
			runOnlyForDeploymentPostprocessing = 0;
		};
		79C6F5591ED9FCFA00B95629 /* Resources */ = {
			isa = PBXResourcesBuildPhase;
			buildActionMask = 2147483647;
			files = (
			);
			runOnlyForDeploymentPostprocessing = 0;
		};
/* End PBXResourcesBuildPhase section */

/* Begin PBXShellScriptBuildPhase section */
		56DB5BEE743E20AE3859EBFB /* [CP] Copy Pods Resources */ = {
			isa = PBXShellScriptBuildPhase;
			buildActionMask = 2147483647;
			files = (
			);
			inputPaths = (
			);
			name = "[CP] Copy Pods Resources";
			outputPaths = (
			);
			runOnlyForDeploymentPostprocessing = 0;
			shellPath = /bin/sh;
			shellScript = "\"${SRCROOT}/Pods/Target Support Files/Pods-Yomu/Pods-Yomu-resources.sh\"\n";
			showEnvVarsInLog = 0;
		};
		79211D7F1ED9FDF50049B6E2 /* [Carthage] Run Script */ = {
			isa = PBXShellScriptBuildPhase;
			buildActionMask = 2147483647;
			files = (
			);
			inputPaths = (
				"$(SRCROOT)/Carthage/Build/iOS/Alamofire.framework",
				"$(SRCROOT)/Carthage/Build/iOS/Argo.framework",
				"$(SRCROOT)/Carthage/Build/iOS/Cartography.framework",
				"$(SRCROOT)/Carthage/Build/iOS/Curry.framework",
				"$(SRCROOT)/Carthage/Build/iOS/Hue.framework",
				"$(SRCROOT)/Carthage/Build/iOS/Kingfisher.framework",
				"$(SRCROOT)/Carthage/Build/iOS/Moya.framework",
				"$(SRCROOT)/Carthage/Build/iOS/Realm.framework",
				"$(SRCROOT)/Carthage/Build/iOS/RealmSwift.framework",
				"$(SRCROOT)/Carthage/Build/iOS/Result.framework",
				"$(SRCROOT)/Carthage/Build/iOS/Runes.framework",
				"$(SRCROOT)/Carthage/Build/iOS/RxCocoa.framework",
				"$(SRCROOT)/Carthage/Build/iOS/RxMoya.framework",
				"$(SRCROOT)/Carthage/Build/iOS/RxRealm.framework",
				"$(SRCROOT)/Carthage/Build/iOS/RxSwift.framework",
				"$(SRCROOT)/Carthage/Build/iOS/Swiftz.framework",
				"$(SRCROOT)/Carthage/Build/iOS/OrderedSet.framework",
				"$(SRCROOT)/Carthage/Build/iOS/Toaster.framework",
			);
			name = "[Carthage] Run Script";
			outputPaths = (
			);
			runOnlyForDeploymentPostprocessing = 0;
			shellPath = /bin/sh;
			shellScript = "carthage copy-frameworks\n";
		};
		79211D801ED9FE590049B6E2 /* [Swiftlint] Run Script */ = {
			isa = PBXShellScriptBuildPhase;
			buildActionMask = 2147483647;
			files = (
			);
			inputPaths = (
			);
			name = "[Swiftlint] Run Script";
			outputPaths = (
			);
			runOnlyForDeploymentPostprocessing = 0;
			shellPath = /bin/sh;
			shellScript = swiftlint;
		};
		79803DBF1EFEBB9400CA7DCC /* [R.Swift] Run Script */ = {
			isa = PBXShellScriptBuildPhase;
			buildActionMask = 2147483647;
			files = (
			);
			inputPaths = (
				"$TEMP_DIR/rswift-lastrun",
			);
			name = "[R.Swift] Run Script";
			outputPaths = (
				$SRCROOT/R.generated.swift,
			);
			runOnlyForDeploymentPostprocessing = 0;
			shellPath = /bin/sh;
			shellScript = "\"$PODS_ROOT/R.swift/rswift\" generate \"$SRCROOT/R.generated.swift\"\n";
		};
		82CC81B7B2F5FBAE7B7B1F91 /* [CP] Embed Pods Frameworks */ = {
			isa = PBXShellScriptBuildPhase;
			buildActionMask = 2147483647;
			files = (
			);
			inputPaths = (
				"${SRCROOT}/Pods/Target Support Files/Pods-Yomu/Pods-Yomu-frameworks.sh",
				"${BUILT_PRODUCTS_DIR}/R.swift.Library/Rswift.framework",
			);
			name = "[CP] Embed Pods Frameworks";
			outputPaths = (
				"${TARGET_BUILD_DIR}/${FRAMEWORKS_FOLDER_PATH}/Rswift.framework",
			);
			runOnlyForDeploymentPostprocessing = 0;
			shellPath = /bin/sh;
			shellScript = "\"${SRCROOT}/Pods/Target Support Files/Pods-Yomu/Pods-Yomu-frameworks.sh\"\n";
			showEnvVarsInLog = 0;
		};
		BC01BA89A05E875603722A6E /* [CP] Check Pods Manifest.lock */ = {
			isa = PBXShellScriptBuildPhase;
			buildActionMask = 2147483647;
			files = (
			);
			inputPaths = (
				"${PODS_PODFILE_DIR_PATH}/Podfile.lock",
				"${PODS_ROOT}/Manifest.lock",
			);
			name = "[CP] Check Pods Manifest.lock";
			outputPaths = (
				"$(DERIVED_FILE_DIR)/Pods-Yomu-checkManifestLockResult.txt",
			);
			runOnlyForDeploymentPostprocessing = 0;
			shellPath = /bin/sh;
			shellScript = "diff \"${PODS_PODFILE_DIR_PATH}/Podfile.lock\" \"${PODS_ROOT}/Manifest.lock\" > /dev/null\nif [ $? != 0 ] ; then\n    # print error to STDERR\n    echo \"error: The sandbox is not in sync with the Podfile.lock. Run 'pod install' or update your CocoaPods installation.\" >&2\n    exit 1\nfi\n";
			showEnvVarsInLog = 0;
		};
/* End PBXShellScriptBuildPhase section */

/* Begin PBXSourcesBuildPhase section */
		79C6F5431ED9FCFA00B95629 /* Sources */ = {
			isa = PBXSourcesBuildPhase;
			buildActionMask = 2147483647;
			files = (
				7958C8EA1EFEB3B600CAD90E /* ChapterViewModel.swift in Sources */,
				79DC54E71F2DC11400077FA1 /* EmptyDataSetContainerView.swift in Sources */,
				794E47C01F00C2730062FA6D /* ChapterPageCollectionViewModel.swift in Sources */,
				799521631EE473500059CC34 /* SearchedMangaViewModel.swift in Sources */,
				796F98F01EE2FBD200FAF40C /* YomuNavigationController.swift in Sources */,
				791BEBF21F63C04600C38DA4 /* ChapterCollectionHeader.swift in Sources */,
				794E47BA1F00BFEF0062FA6D /* ChapterPageCollectionViewController.swift in Sources */,
				799521671EE4751D0059CC34 /* RxMoyaResponse.swift in Sources */,
				79A19F0C1F4F43BF00F1DEA7 /* ReadChapterRealm.swift in Sources */,
				7919319F1EE87E2600607A11 /* SearchedMangaCell.swift in Sources */,
				79BD51B01EFE62230063F3AC /* ChapterCollectionViewController.swift in Sources */,
				7972E5372219EF9E00388F2B /* R.generated.swift in Sources */,
				799685BD1EE59F75000776FD /* SearchMangaCollectionViewController.swift in Sources */,
				79B3FC731EDC9651008323C0 /* MangaRealm.swift in Sources */,
				79258B941EF1652200202035 /* MangaCell.swift in Sources */,
				790593E31EF0672900F7419E /* Database.swift in Sources */,
				79CE4A89223D881A0079D2E7 /* Size.swift in Sources */,
				79FE24351F5B1C8B00C3452D /* SearchBar.swift in Sources */,
				79CE4A87223D84380079D2E7 /* Point.swift in Sources */,
				79234C041EE3298C000D6734 /* String.swift in Sources */,
				79C6F54B1ED9FCFA00B95629 /* AppDelegate.swift in Sources */,
				79B3FC6D1EDC95AF008323C0 /* Manga.swift in Sources */,
				79B3FC6F1EDC960F008323C0 /* Chapter.swift in Sources */,
				794E47C21F00C3570062FA6D /* ChapterPageViewModel.swift in Sources */,
				79234C061EE32A10000D6734 /* MangaEdenAPI.swift in Sources */,
				79B3FC691EDC93C1008323C0 /* SearchedManga.swift in Sources */,
				79B3FC711EDC9638008323C0 /* ChapterPage.swift in Sources */,
				799521651EE4737E0059CC34 /* SearchedMangaCollectionViewModel.swift in Sources */,
				79A917C31EFEC29500820E57 /* ChapterCell.swift in Sources */,
				79288B042229C763008C895A /* ZoomableCollectionViewLayout.swift in Sources */,
				79B3FC6B1EDC93EB008323C0 /* ImageUrl.swift in Sources */,
				794D670F2036105100912844 /* SearchMangaHeader.swift in Sources */,
				79258B901EF1644C00202035 /* MangaCollectionViewController.swift in Sources */,
				79234C011EE32945000D6734 /* YomuAPI.swift in Sources */,
				7958C8E81EFEA92400CAD90E /* ChapterCollectionViewModel.swift in Sources */,
				79288B022229BF2B008C895A /* ZoomScale.swift in Sources */,
				79D525661EF3087500431DDE /* MangaCollectionViewModel.swift in Sources */,
				7948D5A622227054008214D6 /* ChapterPageCell.swift in Sources */,
				7995215F1EE472970059CC34 /* URL.swift in Sources */,
				79D525631EF307CC00431DDE /* MangaViewModel.swift in Sources */,
			);
			runOnlyForDeploymentPostprocessing = 0;
		};
		79C6F5571ED9FCFA00B95629 /* Sources */ = {
			isa = PBXSourcesBuildPhase;
			buildActionMask = 2147483647;
			files = (
			);
			runOnlyForDeploymentPostprocessing = 0;
		};
/* End PBXSourcesBuildPhase section */

/* Begin PBXTargetDependency section */
		79C6F55D1ED9FCFA00B95629 /* PBXTargetDependency */ = {
			isa = PBXTargetDependency;
			target = 79C6F5461ED9FCFA00B95629 /* Yomu */;
			targetProxy = 79C6F55C1ED9FCFA00B95629 /* PBXContainerItemProxy */;
		};
/* End PBXTargetDependency section */

/* Begin PBXVariantGroup section */
		79C6F5531ED9FCFA00B95629 /* LaunchScreen.storyboard */ = {
			isa = PBXVariantGroup;
			children = (
				79C6F5541ED9FCFA00B95629 /* Base */,
			);
			name = LaunchScreen.storyboard;
			path = .;
			sourceTree = "<group>";
		};
/* End PBXVariantGroup section */

/* Begin XCBuildConfiguration section */
		79C6F5621ED9FCFA00B95629 /* Debug */ = {
			isa = XCBuildConfiguration;
			buildSettings = {
				ALWAYS_SEARCH_USER_PATHS = NO;
				CLANG_ANALYZER_NONNULL = YES;
				CLANG_ANALYZER_NUMBER_OBJECT_CONVERSION = YES_AGGRESSIVE;
				CLANG_CXX_LANGUAGE_STANDARD = "gnu++0x";
				CLANG_CXX_LIBRARY = "libc++";
				CLANG_ENABLE_MODULES = YES;
				CLANG_ENABLE_OBJC_ARC = YES;
				CLANG_WARN_BLOCK_CAPTURE_AUTORELEASING = YES;
				CLANG_WARN_BOOL_CONVERSION = YES;
				CLANG_WARN_COMMA = YES;
				CLANG_WARN_CONSTANT_CONVERSION = YES;
				CLANG_WARN_DEPRECATED_OBJC_IMPLEMENTATIONS = YES;
				CLANG_WARN_DIRECT_OBJC_ISA_USAGE = YES_ERROR;
				CLANG_WARN_DOCUMENTATION_COMMENTS = YES;
				CLANG_WARN_EMPTY_BODY = YES;
				CLANG_WARN_ENUM_CONVERSION = YES;
				CLANG_WARN_INFINITE_RECURSION = YES;
				CLANG_WARN_INT_CONVERSION = YES;
				CLANG_WARN_NON_LITERAL_NULL_CONVERSION = YES;
				CLANG_WARN_OBJC_IMPLICIT_RETAIN_SELF = YES;
				CLANG_WARN_OBJC_LITERAL_CONVERSION = YES;
				CLANG_WARN_OBJC_ROOT_CLASS = YES_ERROR;
				CLANG_WARN_RANGE_LOOP_ANALYSIS = YES;
				CLANG_WARN_STRICT_PROTOTYPES = YES;
				CLANG_WARN_SUSPICIOUS_MOVE = YES;
				CLANG_WARN_UNREACHABLE_CODE = YES;
				CLANG_WARN__DUPLICATE_METHOD_MATCH = YES;
				"CODE_SIGN_IDENTITY[sdk=iphoneos*]" = "iPhone Developer";
				COPY_PHASE_STRIP = NO;
				DEBUG_INFORMATION_FORMAT = dwarf;
				ENABLE_STRICT_OBJC_MSGSEND = YES;
				ENABLE_TESTABILITY = YES;
				GCC_C_LANGUAGE_STANDARD = gnu99;
				GCC_DYNAMIC_NO_PIC = NO;
				GCC_NO_COMMON_BLOCKS = YES;
				GCC_OPTIMIZATION_LEVEL = 0;
				GCC_PREPROCESSOR_DEFINITIONS = (
					"DEBUG=1",
					"$(inherited)",
				);
				GCC_WARN_64_TO_32_BIT_CONVERSION = YES;
				GCC_WARN_ABOUT_RETURN_TYPE = YES_ERROR;
				GCC_WARN_UNDECLARED_SELECTOR = YES;
				GCC_WARN_UNINITIALIZED_AUTOS = YES_AGGRESSIVE;
				GCC_WARN_UNUSED_FUNCTION = YES;
				GCC_WARN_UNUSED_VARIABLE = YES;
				IPHONEOS_DEPLOYMENT_TARGET = 10.3;
				MTL_ENABLE_DEBUG_INFO = YES;
				ONLY_ACTIVE_ARCH = YES;
				SDKROOT = iphoneos;
				SWIFT_ACTIVE_COMPILATION_CONDITIONS = DEBUG;
				SWIFT_OPTIMIZATION_LEVEL = "-Onone";
				SWIFT_VERSION = 4.2;
				TARGETED_DEVICE_FAMILY = "1,2";
			};
			name = Debug;
		};
		79C6F5631ED9FCFA00B95629 /* Release */ = {
			isa = XCBuildConfiguration;
			buildSettings = {
				ALWAYS_SEARCH_USER_PATHS = NO;
				CLANG_ANALYZER_NONNULL = YES;
				CLANG_ANALYZER_NUMBER_OBJECT_CONVERSION = YES_AGGRESSIVE;
				CLANG_CXX_LANGUAGE_STANDARD = "gnu++0x";
				CLANG_CXX_LIBRARY = "libc++";
				CLANG_ENABLE_MODULES = YES;
				CLANG_ENABLE_OBJC_ARC = YES;
				CLANG_WARN_BLOCK_CAPTURE_AUTORELEASING = YES;
				CLANG_WARN_BOOL_CONVERSION = YES;
				CLANG_WARN_COMMA = YES;
				CLANG_WARN_CONSTANT_CONVERSION = YES;
				CLANG_WARN_DEPRECATED_OBJC_IMPLEMENTATIONS = YES;
				CLANG_WARN_DIRECT_OBJC_ISA_USAGE = YES_ERROR;
				CLANG_WARN_DOCUMENTATION_COMMENTS = YES;
				CLANG_WARN_EMPTY_BODY = YES;
				CLANG_WARN_ENUM_CONVERSION = YES;
				CLANG_WARN_INFINITE_RECURSION = YES;
				CLANG_WARN_INT_CONVERSION = YES;
				CLANG_WARN_NON_LITERAL_NULL_CONVERSION = YES;
				CLANG_WARN_OBJC_IMPLICIT_RETAIN_SELF = YES;
				CLANG_WARN_OBJC_LITERAL_CONVERSION = YES;
				CLANG_WARN_OBJC_ROOT_CLASS = YES_ERROR;
				CLANG_WARN_RANGE_LOOP_ANALYSIS = YES;
				CLANG_WARN_STRICT_PROTOTYPES = YES;
				CLANG_WARN_SUSPICIOUS_MOVE = YES;
				CLANG_WARN_UNREACHABLE_CODE = YES;
				CLANG_WARN__DUPLICATE_METHOD_MATCH = YES;
				"CODE_SIGN_IDENTITY[sdk=iphoneos*]" = "iPhone Developer";
				COPY_PHASE_STRIP = NO;
				DEBUG_INFORMATION_FORMAT = "dwarf-with-dsym";
				ENABLE_NS_ASSERTIONS = NO;
				ENABLE_STRICT_OBJC_MSGSEND = YES;
				GCC_C_LANGUAGE_STANDARD = gnu99;
				GCC_NO_COMMON_BLOCKS = YES;
				GCC_WARN_64_TO_32_BIT_CONVERSION = YES;
				GCC_WARN_ABOUT_RETURN_TYPE = YES_ERROR;
				GCC_WARN_UNDECLARED_SELECTOR = YES;
				GCC_WARN_UNINITIALIZED_AUTOS = YES_AGGRESSIVE;
				GCC_WARN_UNUSED_FUNCTION = YES;
				GCC_WARN_UNUSED_VARIABLE = YES;
				IPHONEOS_DEPLOYMENT_TARGET = 10.3;
				MTL_ENABLE_DEBUG_INFO = NO;
				SDKROOT = iphoneos;
				SWIFT_OPTIMIZATION_LEVEL = "-Owholemodule";
				SWIFT_VERSION = 4.2;
				TARGETED_DEVICE_FAMILY = "1,2";
				VALIDATE_PRODUCT = YES;
			};
			name = Release;
		};
		79C6F5651ED9FCFA00B95629 /* Debug */ = {
			isa = XCBuildConfiguration;
			baseConfigurationReference = 1845E03D997EBD53106682F7 /* Pods-Yomu.debug.xcconfig */;
			buildSettings = {
				ALWAYS_EMBED_SWIFT_STANDARD_LIBRARIES = "$(inherited)";
				ASSETCATALOG_COMPILER_APPICON_NAME = AppIcon;
				DEVELOPMENT_TEAM = 4QCP9AS6BP;
				FRAMEWORK_SEARCH_PATHS = (
					"$(inherited)",
					"$(PROJECT_DIR)/Carthage/Build/iOS",
				);
				INFOPLIST_FILE = Yomu/Info.plist;
				IPHONEOS_DEPLOYMENT_TARGET = 11.0;
				LD_RUNPATH_SEARCH_PATHS = "$(inherited) @executable_path/Frameworks";
				PRODUCT_BUNDLE_IDENTIFIER = com.sendyhalim.Yomu;
				PRODUCT_NAME = "$(TARGET_NAME)";
				SWIFT_SWIFT3_OBJC_INFERENCE = Default;
				SWIFT_VERSION = 4.2;
			};
			name = Debug;
		};
		79C6F5661ED9FCFA00B95629 /* Release */ = {
			isa = XCBuildConfiguration;
			baseConfigurationReference = CE92F20852E62735FC1E77F4 /* Pods-Yomu.release.xcconfig */;
			buildSettings = {
				ALWAYS_EMBED_SWIFT_STANDARD_LIBRARIES = "$(inherited)";
				ASSETCATALOG_COMPILER_APPICON_NAME = AppIcon;
				DEVELOPMENT_TEAM = 4QCP9AS6BP;
				FRAMEWORK_SEARCH_PATHS = (
					"$(inherited)",
					"$(PROJECT_DIR)/Carthage/Build/iOS",
				);
				INFOPLIST_FILE = Yomu/Info.plist;
				IPHONEOS_DEPLOYMENT_TARGET = 11.0;
				LD_RUNPATH_SEARCH_PATHS = "$(inherited) @executable_path/Frameworks";
				PRODUCT_BUNDLE_IDENTIFIER = com.sendyhalim.Yomu;
				PRODUCT_NAME = "$(TARGET_NAME)";
				SWIFT_SWIFT3_OBJC_INFERENCE = Default;
				SWIFT_VERSION = 4.2;
			};
			name = Release;
		};
		79C6F5681ED9FCFA00B95629 /* Debug */ = {
			isa = XCBuildConfiguration;
			buildSettings = {
				ALWAYS_EMBED_SWIFT_STANDARD_LIBRARIES = YES;
				BUNDLE_LOADER = "$(TEST_HOST)";
				DEVELOPMENT_TEAM = 4QCP9AS6BP;
				INFOPLIST_FILE = YomuTests/Info.plist;
				LD_RUNPATH_SEARCH_PATHS = "$(inherited) @executable_path/Frameworks @loader_path/Frameworks";
				PRODUCT_BUNDLE_IDENTIFIER = com.sendyhalim.YomuTests;
				PRODUCT_NAME = "$(TARGET_NAME)";
				SWIFT_VERSION = 3.0;
				TEST_HOST = "$(BUILT_PRODUCTS_DIR)/Yomu.app/Yomu";
			};
			name = Debug;
		};
		79C6F5691ED9FCFA00B95629 /* Release */ = {
			isa = XCBuildConfiguration;
			buildSettings = {
				ALWAYS_EMBED_SWIFT_STANDARD_LIBRARIES = YES;
				BUNDLE_LOADER = "$(TEST_HOST)";
				DEVELOPMENT_TEAM = 4QCP9AS6BP;
				INFOPLIST_FILE = YomuTests/Info.plist;
				LD_RUNPATH_SEARCH_PATHS = "$(inherited) @executable_path/Frameworks @loader_path/Frameworks";
				PRODUCT_BUNDLE_IDENTIFIER = com.sendyhalim.YomuTests;
				PRODUCT_NAME = "$(TARGET_NAME)";
				SWIFT_VERSION = 3.0;
				TEST_HOST = "$(BUILT_PRODUCTS_DIR)/Yomu.app/Yomu";
			};
			name = Release;
		};
/* End XCBuildConfiguration section */

/* Begin XCConfigurationList section */
		79C6F5421ED9FCFA00B95629 /* Build configuration list for PBXProject "Yomu" */ = {
			isa = XCConfigurationList;
			buildConfigurations = (
				79C6F5621ED9FCFA00B95629 /* Debug */,
				79C6F5631ED9FCFA00B95629 /* Release */,
			);
			defaultConfigurationIsVisible = 0;
			defaultConfigurationName = Release;
		};
		79C6F5641ED9FCFA00B95629 /* Build configuration list for PBXNativeTarget "Yomu" */ = {
			isa = XCConfigurationList;
			buildConfigurations = (
				79C6F5651ED9FCFA00B95629 /* Debug */,
				79C6F5661ED9FCFA00B95629 /* Release */,
			);
			defaultConfigurationIsVisible = 0;
			defaultConfigurationName = Release;
		};
		79C6F5671ED9FCFA00B95629 /* Build configuration list for PBXNativeTarget "YomuTests" */ = {
			isa = XCConfigurationList;
			buildConfigurations = (
				79C6F5681ED9FCFA00B95629 /* Debug */,
				79C6F5691ED9FCFA00B95629 /* Release */,
			);
			defaultConfigurationIsVisible = 0;
			defaultConfigurationName = Release;
		};
/* End XCConfigurationList section */
	};
	rootObject = 79C6F53F1ED9FCFA00B95629 /* Project object */;
}
