// !$*UTF8*$!
{
	archiveVersion = 1;
	classes = {
	};
	objectVersion = 46;
	objects = {

/* Begin PBXBuildFile section */
		79211D6F1ED9FD970049B6E2 /* Alamofire.framework in Frameworks */ = {isa = PBXBuildFile; fileRef = 79211D5F1ED9FD970049B6E2 /* Alamofire.framework */; };
		79211D701ED9FD970049B6E2 /* Argo.framework in Frameworks */ = {isa = PBXBuildFile; fileRef = 79211D601ED9FD970049B6E2 /* Argo.framework */; };
		79211D711ED9FD970049B6E2 /* Cartography.framework in Frameworks */ = {isa = PBXBuildFile; fileRef = 79211D611ED9FD970049B6E2 /* Cartography.framework */; };
		79211D721ED9FD970049B6E2 /* Curry.framework in Frameworks */ = {isa = PBXBuildFile; fileRef = 79211D621ED9FD970049B6E2 /* Curry.framework */; };
		79211D731ED9FD970049B6E2 /* Hue.framework in Frameworks */ = {isa = PBXBuildFile; fileRef = 79211D631ED9FD970049B6E2 /* Hue.framework */; };
		79211D741ED9FD970049B6E2 /* Kingfisher.framework in Frameworks */ = {isa = PBXBuildFile; fileRef = 79211D641ED9FD970049B6E2 /* Kingfisher.framework */; };
		79211D751ED9FD970049B6E2 /* Moya.framework in Frameworks */ = {isa = PBXBuildFile; fileRef = 79211D651ED9FD970049B6E2 /* Moya.framework */; };
		79211D761ED9FD970049B6E2 /* Realm.framework in Frameworks */ = {isa = PBXBuildFile; fileRef = 79211D661ED9FD970049B6E2 /* Realm.framework */; };
		79211D771ED9FD970049B6E2 /* RealmSwift.framework in Frameworks */ = {isa = PBXBuildFile; fileRef = 79211D671ED9FD970049B6E2 /* RealmSwift.framework */; };
		79211D781ED9FD970049B6E2 /* Result.framework in Frameworks */ = {isa = PBXBuildFile; fileRef = 79211D681ED9FD970049B6E2 /* Result.framework */; };
		79211D791ED9FD970049B6E2 /* Runes.framework in Frameworks */ = {isa = PBXBuildFile; fileRef = 79211D691ED9FD970049B6E2 /* Runes.framework */; };
		79211D7A1ED9FD970049B6E2 /* RxCocoa.framework in Frameworks */ = {isa = PBXBuildFile; fileRef = 79211D6A1ED9FD970049B6E2 /* RxCocoa.framework */; };
		79211D7B1ED9FD970049B6E2 /* RxMoya.framework in Frameworks */ = {isa = PBXBuildFile; fileRef = 79211D6B1ED9FD970049B6E2 /* RxMoya.framework */; };
		79211D7C1ED9FD970049B6E2 /* RxRealm.framework in Frameworks */ = {isa = PBXBuildFile; fileRef = 79211D6C1ED9FD970049B6E2 /* RxRealm.framework */; };
		79211D7D1ED9FD970049B6E2 /* RxSwift.framework in Frameworks */ = {isa = PBXBuildFile; fileRef = 79211D6D1ED9FD970049B6E2 /* RxSwift.framework */; };
		79211D7E1ED9FD970049B6E2 /* Swiftz.framework in Frameworks */ = {isa = PBXBuildFile; fileRef = 79211D6E1ED9FD970049B6E2 /* Swiftz.framework */; };
		796C3D231EE29F2D0029BBB2 /* URLNavigator.framework in Frameworks */ = {isa = PBXBuildFile; fileRef = 796C3D221EE29F2D0029BBB2 /* URLNavigator.framework */; };
		79B3FC691EDC93C1008323C0 /* SearchedManga.swift in Sources */ = {isa = PBXBuildFile; fileRef = 79B3FC681EDC93C1008323C0 /* SearchedManga.swift */; };
		79B3FC6B1EDC93EB008323C0 /* ImageUrl.swift in Sources */ = {isa = PBXBuildFile; fileRef = 79B3FC6A1EDC93EB008323C0 /* ImageUrl.swift */; };
		79B3FC6D1EDC95AF008323C0 /* Manga.swift in Sources */ = {isa = PBXBuildFile; fileRef = 79B3FC6C1EDC95AF008323C0 /* Manga.swift */; };
		79B3FC6F1EDC960F008323C0 /* Chapter.swift in Sources */ = {isa = PBXBuildFile; fileRef = 79B3FC6E1EDC960F008323C0 /* Chapter.swift */; };
		79B3FC711EDC9638008323C0 /* ChapterPage.swift in Sources */ = {isa = PBXBuildFile; fileRef = 79B3FC701EDC9638008323C0 /* ChapterPage.swift */; };
		79B3FC731EDC9651008323C0 /* MangaRealm.swift in Sources */ = {isa = PBXBuildFile; fileRef = 79B3FC721EDC9651008323C0 /* MangaRealm.swift */; };
		79C6F54B1ED9FCFA00B95629 /* AppDelegate.swift in Sources */ = {isa = PBXBuildFile; fileRef = 79C6F54A1ED9FCFA00B95629 /* AppDelegate.swift */; };
		79C6F54D1ED9FCFA00B95629 /* ViewController.swift in Sources */ = {isa = PBXBuildFile; fileRef = 79C6F54C1ED9FCFA00B95629 /* ViewController.swift */; };
		79C6F5521ED9FCFA00B95629 /* Assets.xcassets in Resources */ = {isa = PBXBuildFile; fileRef = 79C6F5511ED9FCFA00B95629 /* Assets.xcassets */; };
		79C6F5551ED9FCFA00B95629 /* LaunchScreen.storyboard in Resources */ = {isa = PBXBuildFile; fileRef = 79C6F5531ED9FCFA00B95629 /* LaunchScreen.storyboard */; };
/* End PBXBuildFile section */

/* Begin PBXContainerItemProxy section */
		79C6F55C1ED9FCFA00B95629 /* PBXContainerItemProxy */ = {
			isa = PBXContainerItemProxy;
			containerPortal = 79C6F53F1ED9FCFA00B95629 /* Project object */;
			proxyType = 1;
			remoteGlobalIDString = 79C6F5461ED9FCFA00B95629;
			remoteInfo = Yomu;
		};
/* End PBXContainerItemProxy section */

/* Begin PBXFileReference section */
		79211D5F1ED9FD970049B6E2 /* Alamofire.framework */ = {isa = PBXFileReference; lastKnownFileType = wrapper.framework; name = Alamofire.framework; path = Carthage/Build/iOS/Alamofire.framework; sourceTree = "<group>"; };
		79211D601ED9FD970049B6E2 /* Argo.framework */ = {isa = PBXFileReference; lastKnownFileType = wrapper.framework; name = Argo.framework; path = Carthage/Build/iOS/Argo.framework; sourceTree = "<group>"; };
		79211D611ED9FD970049B6E2 /* Cartography.framework */ = {isa = PBXFileReference; lastKnownFileType = wrapper.framework; name = Cartography.framework; path = Carthage/Build/iOS/Cartography.framework; sourceTree = "<group>"; };
		79211D621ED9FD970049B6E2 /* Curry.framework */ = {isa = PBXFileReference; lastKnownFileType = wrapper.framework; name = Curry.framework; path = Carthage/Build/iOS/Curry.framework; sourceTree = "<group>"; };
		79211D631ED9FD970049B6E2 /* Hue.framework */ = {isa = PBXFileReference; lastKnownFileType = wrapper.framework; name = Hue.framework; path = Carthage/Build/iOS/Hue.framework; sourceTree = "<group>"; };
		79211D641ED9FD970049B6E2 /* Kingfisher.framework */ = {isa = PBXFileReference; lastKnownFileType = wrapper.framework; name = Kingfisher.framework; path = Carthage/Build/iOS/Kingfisher.framework; sourceTree = "<group>"; };
		79211D651ED9FD970049B6E2 /* Moya.framework */ = {isa = PBXFileReference; lastKnownFileType = wrapper.framework; name = Moya.framework; path = Carthage/Build/iOS/Moya.framework; sourceTree = "<group>"; };
		79211D661ED9FD970049B6E2 /* Realm.framework */ = {isa = PBXFileReference; lastKnownFileType = wrapper.framework; name = Realm.framework; path = Carthage/Build/iOS/Realm.framework; sourceTree = "<group>"; };
		79211D671ED9FD970049B6E2 /* RealmSwift.framework */ = {isa = PBXFileReference; lastKnownFileType = wrapper.framework; name = RealmSwift.framework; path = Carthage/Build/iOS/RealmSwift.framework; sourceTree = "<group>"; };
		79211D681ED9FD970049B6E2 /* Result.framework */ = {isa = PBXFileReference; lastKnownFileType = wrapper.framework; name = Result.framework; path = Carthage/Build/iOS/Result.framework; sourceTree = "<group>"; };
		79211D691ED9FD970049B6E2 /* Runes.framework */ = {isa = PBXFileReference; lastKnownFileType = wrapper.framework; name = Runes.framework; path = Carthage/Build/iOS/Runes.framework; sourceTree = "<group>"; };
		79211D6A1ED9FD970049B6E2 /* RxCocoa.framework */ = {isa = PBXFileReference; lastKnownFileType = wrapper.framework; name = RxCocoa.framework; path = Carthage/Build/iOS/RxCocoa.framework; sourceTree = "<group>"; };
		79211D6B1ED9FD970049B6E2 /* RxMoya.framework */ = {isa = PBXFileReference; lastKnownFileType = wrapper.framework; name = RxMoya.framework; path = Carthage/Build/iOS/RxMoya.framework; sourceTree = "<group>"; };
		79211D6C1ED9FD970049B6E2 /* RxRealm.framework */ = {isa = PBXFileReference; lastKnownFileType = wrapper.framework; name = RxRealm.framework; path = Carthage/Build/iOS/RxRealm.framework; sourceTree = "<group>"; };
		79211D6D1ED9FD970049B6E2 /* RxSwift.framework */ = {isa = PBXFileReference; lastKnownFileType = wrapper.framework; name = RxSwift.framework; path = Carthage/Build/iOS/RxSwift.framework; sourceTree = "<group>"; };
		79211D6E1ED9FD970049B6E2 /* Swiftz.framework */ = {isa = PBXFileReference; lastKnownFileType = wrapper.framework; name = Swiftz.framework; path = Carthage/Build/iOS/Swiftz.framework; sourceTree = "<group>"; };
		796C3D221EE29F2D0029BBB2 /* URLNavigator.framework */ = {isa = PBXFileReference; lastKnownFileType = wrapper.framework; name = URLNavigator.framework; path = Carthage/Build/iOS/URLNavigator.framework; sourceTree = "<group>"; };
		79B3FC681EDC93C1008323C0 /* SearchedManga.swift */ = {isa = PBXFileReference; fileEncoding = 4; lastKnownFileType = sourcecode.swift; path = SearchedManga.swift; sourceTree = "<group>"; };
		79B3FC6A1EDC93EB008323C0 /* ImageUrl.swift */ = {isa = PBXFileReference; fileEncoding = 4; lastKnownFileType = sourcecode.swift; path = ImageUrl.swift; sourceTree = "<group>"; };
		79B3FC6C1EDC95AF008323C0 /* Manga.swift */ = {isa = PBXFileReference; fileEncoding = 4; lastKnownFileType = sourcecode.swift; path = Manga.swift; sourceTree = "<group>"; };
		79B3FC6E1EDC960F008323C0 /* Chapter.swift */ = {isa = PBXFileReference; fileEncoding = 4; lastKnownFileType = sourcecode.swift; path = Chapter.swift; sourceTree = "<group>"; };
		79B3FC701EDC9638008323C0 /* ChapterPage.swift */ = {isa = PBXFileReference; fileEncoding = 4; lastKnownFileType = sourcecode.swift; path = ChapterPage.swift; sourceTree = "<group>"; };
		79B3FC721EDC9651008323C0 /* MangaRealm.swift */ = {isa = PBXFileReference; fileEncoding = 4; lastKnownFileType = sourcecode.swift; path = MangaRealm.swift; sourceTree = "<group>"; };
		79C6F5471ED9FCFA00B95629 /* Yomu.app */ = {isa = PBXFileReference; explicitFileType = wrapper.application; includeInIndex = 0; path = Yomu.app; sourceTree = BUILT_PRODUCTS_DIR; };
		79C6F54A1ED9FCFA00B95629 /* AppDelegate.swift */ = {isa = PBXFileReference; lastKnownFileType = sourcecode.swift; path = AppDelegate.swift; sourceTree = "<group>"; };
		79C6F54C1ED9FCFA00B95629 /* ViewController.swift */ = {isa = PBXFileReference; lastKnownFileType = sourcecode.swift; path = ViewController.swift; sourceTree = "<group>"; };
		79C6F5511ED9FCFA00B95629 /* Assets.xcassets */ = {isa = PBXFileReference; lastKnownFileType = folder.assetcatalog; path = Assets.xcassets; sourceTree = "<group>"; };
		79C6F5541ED9FCFA00B95629 /* Base */ = {isa = PBXFileReference; lastKnownFileType = file.storyboard; name = Base; path = Base.lproj/LaunchScreen.storyboard; sourceTree = "<group>"; };
		79C6F5561ED9FCFA00B95629 /* Info.plist */ = {isa = PBXFileReference; lastKnownFileType = text.plist.xml; path = Info.plist; sourceTree = "<group>"; };
		79C6F55B1ED9FCFA00B95629 /* YomuTests.xctest */ = {isa = PBXFileReference; explicitFileType = wrapper.cfbundle; includeInIndex = 0; path = YomuTests.xctest; sourceTree = BUILT_PRODUCTS_DIR; };
		79C6F5611ED9FCFA00B95629 /* Info.plist */ = {isa = PBXFileReference; lastKnownFileType = text.plist.xml; path = Info.plist; sourceTree = "<group>"; };
/* End PBXFileReference section */

/* Begin PBXFrameworksBuildPhase section */
		79C6F5441ED9FCFA00B95629 /* Frameworks */ = {
			isa = PBXFrameworksBuildPhase;
			buildActionMask = 2147483647;
			files = (
				79211D6F1ED9FD970049B6E2 /* Alamofire.framework in Frameworks */,
				79211D701ED9FD970049B6E2 /* Argo.framework in Frameworks */,
				79211D711ED9FD970049B6E2 /* Cartography.framework in Frameworks */,
				79211D721ED9FD970049B6E2 /* Curry.framework in Frameworks */,
				79211D731ED9FD970049B6E2 /* Hue.framework in Frameworks */,
				79211D741ED9FD970049B6E2 /* Kingfisher.framework in Frameworks */,
				79211D751ED9FD970049B6E2 /* Moya.framework in Frameworks */,
				79211D761ED9FD970049B6E2 /* Realm.framework in Frameworks */,
				79211D771ED9FD970049B6E2 /* RealmSwift.framework in Frameworks */,
				79211D781ED9FD970049B6E2 /* Result.framework in Frameworks */,
				79211D791ED9FD970049B6E2 /* Runes.framework in Frameworks */,
				79211D7A1ED9FD970049B6E2 /* RxCocoa.framework in Frameworks */,
				79211D7B1ED9FD970049B6E2 /* RxMoya.framework in Frameworks */,
				79211D7C1ED9FD970049B6E2 /* RxRealm.framework in Frameworks */,
				79211D7D1ED9FD970049B6E2 /* RxSwift.framework in Frameworks */,
				79211D7E1ED9FD970049B6E2 /* Swiftz.framework in Frameworks */,
				796C3D231EE29F2D0029BBB2 /* URLNavigator.framework in Frameworks */,
			);
			runOnlyForDeploymentPostprocessing = 0;
		};
		79C6F5581ED9FCFA00B95629 /* Frameworks */ = {
			isa = PBXFrameworksBuildPhase;
			buildActionMask = 2147483647;
			files = (
			);
			runOnlyForDeploymentPostprocessing = 0;
		};
/* End PBXFrameworksBuildPhase section */

/* Begin PBXGroup section */
		79211D5E1ED9FD970049B6E2 /* Frameworks */ = {
			isa = PBXGroup;
			children = (
				796C3D221EE29F2D0029BBB2 /* URLNavigator.framework */,
				79211D5F1ED9FD970049B6E2 /* Alamofire.framework */,
				79211D601ED9FD970049B6E2 /* Argo.framework */,
				79211D611ED9FD970049B6E2 /* Cartography.framework */,
				79211D621ED9FD970049B6E2 /* Curry.framework */,
				79211D631ED9FD970049B6E2 /* Hue.framework */,
				79211D641ED9FD970049B6E2 /* Kingfisher.framework */,
				79211D651ED9FD970049B6E2 /* Moya.framework */,
				79211D661ED9FD970049B6E2 /* Realm.framework */,
				79211D671ED9FD970049B6E2 /* RealmSwift.framework */,
				79211D681ED9FD970049B6E2 /* Result.framework */,
				79211D691ED9FD970049B6E2 /* Runes.framework */,
				79211D6A1ED9FD970049B6E2 /* RxCocoa.framework */,
				79211D6B1ED9FD970049B6E2 /* RxMoya.framework */,
				79211D6C1ED9FD970049B6E2 /* RxRealm.framework */,
				79211D6D1ED9FD970049B6E2 /* RxSwift.framework */,
				79211D6E1ED9FD970049B6E2 /* Swiftz.framework */,
			);
			name = Frameworks;
			sourceTree = "<group>";
		};
		79B3FC671EDC91D4008323C0 /* Models */ = {
			isa = PBXGroup;
			children = (
				79B3FC6E1EDC960F008323C0 /* Chapter.swift */,
				79B3FC701EDC9638008323C0 /* ChapterPage.swift */,
				79B3FC6A1EDC93EB008323C0 /* ImageUrl.swift */,
				79B3FC6C1EDC95AF008323C0 /* Manga.swift */,
				79B3FC721EDC9651008323C0 /* MangaRealm.swift */,
				79B3FC681EDC93C1008323C0 /* SearchedManga.swift */,
			);
			path = Models;
			sourceTree = "<group>";
		};
		79C6F53E1ED9FCFA00B95629 = {
			isa = PBXGroup;
			children = (
				79211D5E1ED9FD970049B6E2 /* Frameworks */,
				79C6F5481ED9FCFA00B95629 /* Products */,
				79C6F5491ED9FCFA00B95629 /* Yomu */,
				79C6F55E1ED9FCFA00B95629 /* YomuTests */,
			);
			sourceTree = "<group>";
		};
		79C6F5481ED9FCFA00B95629 /* Products */ = {
			isa = PBXGroup;
			children = (
				79C6F5471ED9FCFA00B95629 /* Yomu.app */,
				79C6F55B1ED9FCFA00B95629 /* YomuTests.xctest */,
			);
			name = Products;
			sourceTree = "<group>";
		};
		79C6F5491ED9FCFA00B95629 /* Yomu */ = {
			isa = PBXGroup;
			children = (
				79B3FC671EDC91D4008323C0 /* Models */,
				79C6F54A1ED9FCFA00B95629 /* AppDelegate.swift */,
				79C6F5511ED9FCFA00B95629 /* Assets.xcassets */,
				79C6F5561ED9FCFA00B95629 /* Info.plist */,
				79C6F5531ED9FCFA00B95629 /* LaunchScreen.storyboard */,
				79C6F54C1ED9FCFA00B95629 /* ViewController.swift */,
			);
			path = Yomu;
			sourceTree = "<group>";
		};
		79C6F55E1ED9FCFA00B95629 /* YomuTests */ = {
			isa = PBXGroup;
			children = (
				79C6F5611ED9FCFA00B95629 /* Info.plist */,
			);
			path = YomuTests;
			sourceTree = "<group>";
		};
/* End PBXGroup section */

/* Begin PBXNativeTarget section */
		79C6F5461ED9FCFA00B95629 /* Yomu */ = {
			isa = PBXNativeTarget;
			buildConfigurationList = 79C6F5641ED9FCFA00B95629 /* Build configuration list for PBXNativeTarget "Yomu" */;
			buildPhases = (
				79C6F5431ED9FCFA00B95629 /* Sources */,
				79C6F5441ED9FCFA00B95629 /* Frameworks */,
				79C6F5451ED9FCFA00B95629 /* Resources */,
				79211D7F1ED9FDF50049B6E2 /* [Carthage] Run Script */,
				79211D801ED9FE590049B6E2 /* [Swiftlint] Run Script */,
			);
			buildRules = (
			);
			dependencies = (
			);
			name = Yomu;
			productName = Yomu;
			productReference = 79C6F5471ED9FCFA00B95629 /* Yomu.app */;
			productType = "com.apple.product-type.application";
		};
		79C6F55A1ED9FCFA00B95629 /* YomuTests */ = {
			isa = PBXNativeTarget;
			buildConfigurationList = 79C6F5671ED9FCFA00B95629 /* Build configuration list for PBXNativeTarget "YomuTests" */;
			buildPhases = (
				79C6F5571ED9FCFA00B95629 /* Sources */,
				79C6F5581ED9FCFA00B95629 /* Frameworks */,
				79C6F5591ED9FCFA00B95629 /* Resources */,
			);
			buildRules = (
			);
			dependencies = (
				79C6F55D1ED9FCFA00B95629 /* PBXTargetDependency */,
			);
			name = YomuTests;
			productName = YomuTests;
			productReference = 79C6F55B1ED9FCFA00B95629 /* YomuTests.xctest */;
			productType = "com.apple.product-type.bundle.unit-test";
		};
/* End PBXNativeTarget section */

/* Begin PBXProject section */
		79C6F53F1ED9FCFA00B95629 /* Project object */ = {
			isa = PBXProject;
			attributes = {
				LastSwiftUpdateCheck = 0830;
				LastUpgradeCheck = 0830;
				ORGANIZATIONNAME = "Sendy Halim";
				TargetAttributes = {
					79C6F5461ED9FCFA00B95629 = {
						CreatedOnToolsVersion = 8.3.2;
						DevelopmentTeam = 4QCP9AS6BP;
						ProvisioningStyle = Automatic;
					};
					79C6F55A1ED9FCFA00B95629 = {
						CreatedOnToolsVersion = 8.3.2;
						DevelopmentTeam = 4QCP9AS6BP;
						ProvisioningStyle = Automatic;
						TestTargetID = 79C6F5461ED9FCFA00B95629;
					};
				};
			};
			buildConfigurationList = 79C6F5421ED9FCFA00B95629 /* Build configuration list for PBXProject "Yomu" */;
			compatibilityVersion = "Xcode 3.2";
			developmentRegion = English;
			hasScannedForEncodings = 0;
			knownRegions = (
				en,
				Base,
			);
			mainGroup = 79C6F53E1ED9FCFA00B95629;
			productRefGroup = 79C6F5481ED9FCFA00B95629 /* Products */;
			projectDirPath = "";
			projectRoot = "";
			targets = (
				79C6F5461ED9FCFA00B95629 /* Yomu */,
				79C6F55A1ED9FCFA00B95629 /* YomuTests */,
			);
		};
/* End PBXProject section */

/* Begin PBXResourcesBuildPhase section */
		79C6F5451ED9FCFA00B95629 /* Resources */ = {
			isa = PBXResourcesBuildPhase;
			buildActionMask = 2147483647;
			files = (
				79C6F5551ED9FCFA00B95629 /* LaunchScreen.storyboard in Resources */,
				79C6F5521ED9FCFA00B95629 /* Assets.xcassets in Resources */,
			);
			runOnlyForDeploymentPostprocessing = 0;
		};
		79C6F5591ED9FCFA00B95629 /* Resources */ = {
			isa = PBXResourcesBuildPhase;
			buildActionMask = 2147483647;
			files = (
			);
			runOnlyForDeploymentPostprocessing = 0;
		};
/* End PBXResourcesBuildPhase section */

/* Begin PBXShellScriptBuildPhase section */
		79211D7F1ED9FDF50049B6E2 /* [Carthage] Run Script */ = {
			isa = PBXShellScriptBuildPhase;
			buildActionMask = 2147483647;
			files = (
			);
			inputPaths = (
				"$(SRCROOT)/Carthage/Build/iOS/Alamofire.framework",
				"$(SRCROOT)/Carthage/Build/iOS/Argo.framework",
				"$(SRCROOT)/Carthage/Build/iOS/Cartography.framework",
				"$(SRCROOT)/Carthage/Build/iOS/Curry.framework",
				"$(SRCROOT)/Carthage/Build/iOS/Hue.framework",
				"$(SRCROOT)/Carthage/Build/iOS/Kingfisher.framework",
				"$(SRCROOT)/Carthage/Build/iOS/Moya.framework",
				"$(SRCROOT)/Carthage/Build/iOS/Realm.framework",
				"$(SRCROOT)/Carthage/Build/iOS/RealmSwift.framework",
				"$(SRCROOT)/Carthage/Build/iOS/Result.framework",
				"$(SRCROOT)/Carthage/Build/iOS/Runes.framework",
				"$(SRCROOT)/Carthage/Build/iOS/RxCocoa.framework",
				"$(SRCROOT)/Carthage/Build/iOS/RxMoya.framework",
				"$(SRCROOT)/Carthage/Build/iOS/RxRealm.framework",
				"$(SRCROOT)/Carthage/Build/iOS/RxSwift.framework",
				"$(SRCROOT)/Carthage/Build/iOS/Swiftz.framework",
				"$(SRCROOT)/Carthage/Build/iOS/URLNavigator.framework",
			);
			name = "[Carthage] Run Script";
			outputPaths = (
			);
			runOnlyForDeploymentPostprocessing = 0;
			shellPath = /bin/sh;
			shellScript = "carthage copy-frameworks";
		};
		79211D801ED9FE590049B6E2 /* [Swiftlint] Run Script */ = {
			isa = PBXShellScriptBuildPhase;
			buildActionMask = 2147483647;
			files = (
			);
			inputPaths = (
			);
			name = "[Swiftlint] Run Script";
			outputPaths = (
			);
			runOnlyForDeploymentPostprocessing = 0;
			shellPath = /bin/sh;
			shellScript = swiftlint;
		};
/* End PBXShellScriptBuildPhase section */

/* Begin PBXSourcesBuildPhase section */
		79C6F5431ED9FCFA00B95629 /* Sources */ = {
			isa = PBXSourcesBuildPhase;
			buildActionMask = 2147483647;
			files = (
				79B3FC731EDC9651008323C0 /* MangaRealm.swift in Sources */,
				79C6F54D1ED9FCFA00B95629 /* ViewController.swift in Sources */,
				79C6F54B1ED9FCFA00B95629 /* AppDelegate.swift in Sources */,
				79B3FC6D1EDC95AF008323C0 /* Manga.swift in Sources */,
				79B3FC6F1EDC960F008323C0 /* Chapter.swift in Sources */,
				79B3FC691EDC93C1008323C0 /* SearchedManga.swift in Sources */,
				79B3FC711EDC9638008323C0 /* ChapterPage.swift in Sources */,
				79B3FC6B1EDC93EB008323C0 /* ImageUrl.swift in Sources */,
			);
			runOnlyForDeploymentPostprocessing = 0;
		};
		79C6F5571ED9FCFA00B95629 /* Sources */ = {
			isa = PBXSourcesBuildPhase;
			buildActionMask = 2147483647;
			files = (
			);
			runOnlyForDeploymentPostprocessing = 0;
		};
/* End PBXSourcesBuildPhase section */

/* Begin PBXTargetDependency section */
		79C6F55D1ED9FCFA00B95629 /* PBXTargetDependency */ = {
			isa = PBXTargetDependency;
			target = 79C6F5461ED9FCFA00B95629 /* Yomu */;
			targetProxy = 79C6F55C1ED9FCFA00B95629 /* PBXContainerItemProxy */;
		};
/* End PBXTargetDependency section */

/* Begin PBXVariantGroup section */
		79C6F5531ED9FCFA00B95629 /* LaunchScreen.storyboard */ = {
			isa = PBXVariantGroup;
			children = (
				79C6F5541ED9FCFA00B95629 /* Base */,
			);
			name = LaunchScreen.storyboard;
			path = .;
			sourceTree = "<group>";
		};
/* End PBXVariantGroup section */

/* Begin XCBuildConfiguration section */
		79C6F5621ED9FCFA00B95629 /* Debug */ = {
			isa = XCBuildConfiguration;
			buildSettings = {
				ALWAYS_SEARCH_USER_PATHS = NO;
				CLANG_ANALYZER_NONNULL = YES;
				CLANG_ANALYZER_NUMBER_OBJECT_CONVERSION = YES_AGGRESSIVE;
				CLANG_CXX_LANGUAGE_STANDARD = "gnu++0x";
				CLANG_CXX_LIBRARY = "libc++";
				CLANG_ENABLE_MODULES = YES;
				CLANG_ENABLE_OBJC_ARC = YES;
				CLANG_WARN_BOOL_CONVERSION = YES;
				CLANG_WARN_CONSTANT_CONVERSION = YES;
				CLANG_WARN_DIRECT_OBJC_ISA_USAGE = YES_ERROR;
				CLANG_WARN_DOCUMENTATION_COMMENTS = YES;
				CLANG_WARN_EMPTY_BODY = YES;
				CLANG_WARN_ENUM_CONVERSION = YES;
				CLANG_WARN_INFINITE_RECURSION = YES;
				CLANG_WARN_INT_CONVERSION = YES;
				CLANG_WARN_OBJC_ROOT_CLASS = YES_ERROR;
				CLANG_WARN_SUSPICIOUS_MOVE = YES;
				CLANG_WARN_UNREACHABLE_CODE = YES;
				CLANG_WARN__DUPLICATE_METHOD_MATCH = YES;
				"CODE_SIGN_IDENTITY[sdk=iphoneos*]" = "iPhone Developer";
				COPY_PHASE_STRIP = NO;
				DEBUG_INFORMATION_FORMAT = dwarf;
				ENABLE_STRICT_OBJC_MSGSEND = YES;
				ENABLE_TESTABILITY = YES;
				GCC_C_LANGUAGE_STANDARD = gnu99;
				GCC_DYNAMIC_NO_PIC = NO;
				GCC_NO_COMMON_BLOCKS = YES;
				GCC_OPTIMIZATION_LEVEL = 0;
				GCC_PREPROCESSOR_DEFINITIONS = (
					"DEBUG=1",
					"$(inherited)",
				);
				GCC_WARN_64_TO_32_BIT_CONVERSION = YES;
				GCC_WARN_ABOUT_RETURN_TYPE = YES_ERROR;
				GCC_WARN_UNDECLARED_SELECTOR = YES;
				GCC_WARN_UNINITIALIZED_AUTOS = YES_AGGRESSIVE;
				GCC_WARN_UNUSED_FUNCTION = YES;
				GCC_WARN_UNUSED_VARIABLE = YES;
				IPHONEOS_DEPLOYMENT_TARGET = 10.3;
				MTL_ENABLE_DEBUG_INFO = YES;
				ONLY_ACTIVE_ARCH = YES;
				SDKROOT = iphoneos;
				SWIFT_ACTIVE_COMPILATION_CONDITIONS = DEBUG;
				SWIFT_OPTIMIZATION_LEVEL = "-Onone";
				TARGETED_DEVICE_FAMILY = "1,2";
			};
			name = Debug;
		};
		79C6F5631ED9FCFA00B95629 /* Release */ = {
			isa = XCBuildConfiguration;
			buildSettings = {
				ALWAYS_SEARCH_USER_PATHS = NO;
				CLANG_ANALYZER_NONNULL = YES;
				CLANG_ANALYZER_NUMBER_OBJECT_CONVERSION = YES_AGGRESSIVE;
				CLANG_CXX_LANGUAGE_STANDARD = "gnu++0x";
				CLANG_CXX_LIBRARY = "libc++";
				CLANG_ENABLE_MODULES = YES;
				CLANG_ENABLE_OBJC_ARC = YES;
				CLANG_WARN_BOOL_CONVERSION = YES;
				CLANG_WARN_CONSTANT_CONVERSION = YES;
				CLANG_WARN_DIRECT_OBJC_ISA_USAGE = YES_ERROR;
				CLANG_WARN_DOCUMENTATION_COMMENTS = YES;
				CLANG_WARN_EMPTY_BODY = YES;
				CLANG_WARN_ENUM_CONVERSION = YES;
				CLANG_WARN_INFINITE_RECURSION = YES;
				CLANG_WARN_INT_CONVERSION = YES;
				CLANG_WARN_OBJC_ROOT_CLASS = YES_ERROR;
				CLANG_WARN_SUSPICIOUS_MOVE = YES;
				CLANG_WARN_UNREACHABLE_CODE = YES;
				CLANG_WARN__DUPLICATE_METHOD_MATCH = YES;
				"CODE_SIGN_IDENTITY[sdk=iphoneos*]" = "iPhone Developer";
				COPY_PHASE_STRIP = NO;
				DEBUG_INFORMATION_FORMAT = "dwarf-with-dsym";
				ENABLE_NS_ASSERTIONS = NO;
				ENABLE_STRICT_OBJC_MSGSEND = YES;
				GCC_C_LANGUAGE_STANDARD = gnu99;
				GCC_NO_COMMON_BLOCKS = YES;
				GCC_WARN_64_TO_32_BIT_CONVERSION = YES;
				GCC_WARN_ABOUT_RETURN_TYPE = YES_ERROR;
				GCC_WARN_UNDECLARED_SELECTOR = YES;
				GCC_WARN_UNINITIALIZED_AUTOS = YES_AGGRESSIVE;
				GCC_WARN_UNUSED_FUNCTION = YES;
				GCC_WARN_UNUSED_VARIABLE = YES;
				IPHONEOS_DEPLOYMENT_TARGET = 10.3;
				MTL_ENABLE_DEBUG_INFO = NO;
				SDKROOT = iphoneos;
				SWIFT_OPTIMIZATION_LEVEL = "-Owholemodule";
				TARGETED_DEVICE_FAMILY = "1,2";
				VALIDATE_PRODUCT = YES;
			};
			name = Release;
		};
		79C6F5651ED9FCFA00B95629 /* Debug */ = {
			isa = XCBuildConfiguration;
			buildSettings = {
				ASSETCATALOG_COMPILER_APPICON_NAME = AppIcon;
				DEVELOPMENT_TEAM = 4QCP9AS6BP;
				FRAMEWORK_SEARCH_PATHS = (
					"$(inherited)",
					"$(PROJECT_DIR)/Carthage/Build/iOS",
				);
				INFOPLIST_FILE = Yomu/Info.plist;
				LD_RUNPATH_SEARCH_PATHS = "$(inherited) @executable_path/Frameworks";
				PRODUCT_BUNDLE_IDENTIFIER = com.sendyhalim.Yomu;
				PRODUCT_NAME = "$(TARGET_NAME)";
				SWIFT_VERSION = 3.0;
			};
			name = Debug;
		};
		79C6F5661ED9FCFA00B95629 /* Release */ = {
			isa = XCBuildConfiguration;
			buildSettings = {
				ASSETCATALOG_COMPILER_APPICON_NAME = AppIcon;
				DEVELOPMENT_TEAM = 4QCP9AS6BP;
				FRAMEWORK_SEARCH_PATHS = (
					"$(inherited)",
					"$(PROJECT_DIR)/Carthage/Build/iOS",
				);
				INFOPLIST_FILE = Yomu/Info.plist;
				LD_RUNPATH_SEARCH_PATHS = "$(inherited) @executable_path/Frameworks";
				PRODUCT_BUNDLE_IDENTIFIER = com.sendyhalim.Yomu;
				PRODUCT_NAME = "$(TARGET_NAME)";
				SWIFT_VERSION = 3.0;
			};
			name = Release;
		};
		79C6F5681ED9FCFA00B95629 /* Debug */ = {
			isa = XCBuildConfiguration;
			buildSettings = {
				ALWAYS_EMBED_SWIFT_STANDARD_LIBRARIES = YES;
				BUNDLE_LOADER = "$(TEST_HOST)";
				DEVELOPMENT_TEAM = 4QCP9AS6BP;
				INFOPLIST_FILE = YomuTests/Info.plist;
				LD_RUNPATH_SEARCH_PATHS = "$(inherited) @executable_path/Frameworks @loader_path/Frameworks";
				PRODUCT_BUNDLE_IDENTIFIER = com.sendyhalim.YomuTests;
				PRODUCT_NAME = "$(TARGET_NAME)";
				SWIFT_VERSION = 3.0;
				TEST_HOST = "$(BUILT_PRODUCTS_DIR)/Yomu.app/Yomu";
			};
			name = Debug;
		};
		79C6F5691ED9FCFA00B95629 /* Release */ = {
			isa = XCBuildConfiguration;
			buildSettings = {
				ALWAYS_EMBED_SWIFT_STANDARD_LIBRARIES = YES;
				BUNDLE_LOADER = "$(TEST_HOST)";
				DEVELOPMENT_TEAM = 4QCP9AS6BP;
				INFOPLIST_FILE = YomuTests/Info.plist;
				LD_RUNPATH_SEARCH_PATHS = "$(inherited) @executable_path/Frameworks @loader_path/Frameworks";
				PRODUCT_BUNDLE_IDENTIFIER = com.sendyhalim.YomuTests;
				PRODUCT_NAME = "$(TARGET_NAME)";
				SWIFT_VERSION = 3.0;
				TEST_HOST = "$(BUILT_PRODUCTS_DIR)/Yomu.app/Yomu";
			};
			name = Release;
		};
/* End XCBuildConfiguration section */

/* Begin XCConfigurationList section */
		79C6F5421ED9FCFA00B95629 /* Build configuration list for PBXProject "Yomu" */ = {
			isa = XCConfigurationList;
			buildConfigurations = (
				79C6F5621ED9FCFA00B95629 /* Debug */,
				79C6F5631ED9FCFA00B95629 /* Release */,
			);
			defaultConfigurationIsVisible = 0;
			defaultConfigurationName = Release;
		};
		79C6F5641ED9FCFA00B95629 /* Build configuration list for PBXNativeTarget "Yomu" */ = {
			isa = XCConfigurationList;
			buildConfigurations = (
				79C6F5651ED9FCFA00B95629 /* Debug */,
				79C6F5661ED9FCFA00B95629 /* Release */,
			);
			defaultConfigurationIsVisible = 0;
			defaultConfigurationName = Release;
		};
		79C6F5671ED9FCFA00B95629 /* Build configuration list for PBXNativeTarget "YomuTests" */ = {
			isa = XCConfigurationList;
			buildConfigurations = (
				79C6F5681ED9FCFA00B95629 /* Debug */,
				79C6F5691ED9FCFA00B95629 /* Release */,
			);
			defaultConfigurationIsVisible = 0;
			defaultConfigurationName = Release;
		};
/* End XCConfigurationList section */
	};
	rootObject = 79C6F53F1ED9FCFA00B95629 /* Project object */;
}
